
Microsoft Visual Studio Solution File, Format Version 12.00
# Visual Studio 2012
Project("{FAE04EC0-301F-11D3-BF4B-00C04F79EFBC}") = "MetroLog", "MetroLog\MetroLog.csproj", "{65E2062E-AAC2-4054-AAE6-D6764040C769}"
EndProject
Project("{FAE04EC0-301F-11D3-BF4B-00C04F79EFBC}") = "MetroLog.Tests", "MetroLog.Tests\MetroLog.Tests.csproj", "{DA25A63D-03A0-4866-84FF-48A2A8CF9101}"
EndProject
Project("{2150E333-8FDC-42A3-9474-1A3956D46DE8}") = "Solution Items", "Solution Items", "{B59C05D2-3F0D-40CB-8753-7F63D458AF00}"
	ProjectSection(SolutionItems) = preProject
		DebugTarget.cs = DebugTarget.cs
		README.mdown = README.mdown
		SharedAssemblyInfo.cs = SharedAssemblyInfo.cs
	EndProjectSection
EndProject
Project("{FAE04EC0-301F-11D3-BF4B-00C04F79EFBC}") = "MetroLog.NetFx", "MetroLog.NetFx\MetroLog.NetFx.csproj", "{B929FFC8-CA0D-43FD-A95B-8E454CCD7133}"
EndProject
Project("{FAE04EC0-301F-11D3-BF4B-00C04F79EFBC}") = "MetroLog.NetCore", "MetroLog.NetCore\MetroLog.NetCore.csproj", "{429EE5FC-46FE-4249-BB40-8DC6D9023A04}"
EndProject
Project("{FAE04EC0-301F-11D3-BF4B-00C04F79EFBC}") = "MetroLog.NetCore.Tests", "MetroLog.NetCore.Tests\MetroLog.NetCore.Tests.csproj", "{109459B6-0797-43CC-A8F5-56DF41A47AE6}"
EndProject
Project("{2150E333-8FDC-42A3-9474-1A3956D46DE8}") = "Tests", "Tests", "{330C34B6-970D-43C8-BBF2-FC9BED6DE53D}"
EndProject
Project("{2150E333-8FDC-42A3-9474-1A3956D46DE8}") = ".nuget", ".nuget", "{8F51E082-1B2C-4B7D-8697-AE73A5C341D5}"
	ProjectSection(SolutionItems) = preProject
		.nuget\NuGet.Config = .nuget\NuGet.Config
		.nuget\NuGet.exe = .nuget\NuGet.exe
		.nuget\NuGet.targets = .nuget\NuGet.targets
	EndProjectSection
EndProject
Project("{2150E333-8FDC-42A3-9474-1A3956D46DE8}") = "Sample Apps", "Sample Apps", "{3ADE1B40-4C2F-4633-9006-00AF3FB361E8}"
EndProject
Project("{FAE04EC0-301F-11D3-BF4B-00C04F79EFBC}") = "ConsoleSample", "Samples\ConsoleSample\ConsoleSample.csproj", "{D2A1E0BF-6659-402F-802B-4118CA244E92}"
EndProject
Project("{FAE04EC0-301F-11D3-BF4B-00C04F79EFBC}") = "Win8Sample", "Win8Sample\Win8Sample.csproj", "{C0CFE1F9-E2E3-49F1-BCEB-2F46C015B439}"
EndProject
Project("{FAE04EC0-301F-11D3-BF4B-00C04F79EFBC}") = "WebTargetSample", "WebTargetSample\WebTargetSample.csproj", "{9F2EAD71-CA2E-4ACE-81D6-EA9023580B03}"
EndProject
Project("{FAE04EC0-301F-11D3-BF4B-00C04F79EFBC}") = "MetroLog.NetCore.SQLite", "MetroLog.NetCore.SQLite\MetroLog.NetCore.SQLite.csproj", "{0CF158CD-DD4E-4E9B-B386-E3BA3C4C6F1F}"
EndProject
Project("{F088123C-0E9E-452A-89E6-6BA2F21D5CAC}") = "Models", "Models\Models.modelproj", "{9D206352-FC97-4DD0-9C08-982296DB92BC}"
EndProject
Global
	GlobalSection(SolutionConfigurationPlatforms) = preSolution
		Debug|Any CPU = Debug|Any CPU
		Debug|ARM = Debug|ARM
		Debug|x64 = Debug|x64
		Debug|x86 = Debug|x86
		Release|Any CPU = Release|Any CPU
		Release|ARM = Release|ARM
		Release|x64 = Release|x64
		Release|x86 = Release|x86
	EndGlobalSection
	GlobalSection(ProjectConfigurationPlatforms) = postSolution
		{65E2062E-AAC2-4054-AAE6-D6764040C769}.Debug|Any CPU.ActiveCfg = Debug|Any CPU
		{65E2062E-AAC2-4054-AAE6-D6764040C769}.Debug|Any CPU.Build.0 = Debug|Any CPU
		{65E2062E-AAC2-4054-AAE6-D6764040C769}.Debug|ARM.ActiveCfg = Debug|ARM
		{65E2062E-AAC2-4054-AAE6-D6764040C769}.Debug|ARM.Build.0 = Debug|ARM
		{65E2062E-AAC2-4054-AAE6-D6764040C769}.Debug|x64.ActiveCfg = Debug|x64
		{65E2062E-AAC2-4054-AAE6-D6764040C769}.Debug|x64.Build.0 = Debug|x64
		{65E2062E-AAC2-4054-AAE6-D6764040C769}.Debug|x86.ActiveCfg = Debug|x86
		{65E2062E-AAC2-4054-AAE6-D6764040C769}.Debug|x86.Build.0 = Debug|x86
		{65E2062E-AAC2-4054-AAE6-D6764040C769}.Release|Any CPU.ActiveCfg = Release|Any CPU
		{65E2062E-AAC2-4054-AAE6-D6764040C769}.Release|Any CPU.Build.0 = Release|Any CPU
		{65E2062E-AAC2-4054-AAE6-D6764040C769}.Release|ARM.ActiveCfg = Release|ARM
		{65E2062E-AAC2-4054-AAE6-D6764040C769}.Release|ARM.Build.0 = Release|ARM
		{65E2062E-AAC2-4054-AAE6-D6764040C769}.Release|x64.ActiveCfg = Release|x64
		{65E2062E-AAC2-4054-AAE6-D6764040C769}.Release|x64.Build.0 = Release|x64
		{65E2062E-AAC2-4054-AAE6-D6764040C769}.Release|x86.ActiveCfg = Release|x86
		{65E2062E-AAC2-4054-AAE6-D6764040C769}.Release|x86.Build.0 = Release|x86
		{DA25A63D-03A0-4866-84FF-48A2A8CF9101}.Debug|Any CPU.ActiveCfg = Debug|Any CPU
		{DA25A63D-03A0-4866-84FF-48A2A8CF9101}.Debug|Any CPU.Build.0 = Debug|Any CPU
		{DA25A63D-03A0-4866-84FF-48A2A8CF9101}.Debug|Any CPU.Deploy.0 = Debug|Any CPU
		{DA25A63D-03A0-4866-84FF-48A2A8CF9101}.Debug|ARM.ActiveCfg = Debug|Any CPU
		{DA25A63D-03A0-4866-84FF-48A2A8CF9101}.Debug|x64.ActiveCfg = Debug|x64
		{DA25A63D-03A0-4866-84FF-48A2A8CF9101}.Debug|x64.Build.0 = Debug|x64
		{DA25A63D-03A0-4866-84FF-48A2A8CF9101}.Debug|x64.Deploy.0 = Debug|x64
		{DA25A63D-03A0-4866-84FF-48A2A8CF9101}.Debug|x86.ActiveCfg = Debug|x86
		{DA25A63D-03A0-4866-84FF-48A2A8CF9101}.Debug|x86.Build.0 = Debug|x86
		{DA25A63D-03A0-4866-84FF-48A2A8CF9101}.Debug|x86.Deploy.0 = Debug|x86
		{DA25A63D-03A0-4866-84FF-48A2A8CF9101}.Release|Any CPU.ActiveCfg = Release|Any CPU
		{DA25A63D-03A0-4866-84FF-48A2A8CF9101}.Release|Any CPU.Build.0 = Release|Any CPU
		{DA25A63D-03A0-4866-84FF-48A2A8CF9101}.Release|Any CPU.Deploy.0 = Release|Any CPU
		{DA25A63D-03A0-4866-84FF-48A2A8CF9101}.Release|ARM.ActiveCfg = Release|Any CPU
		{DA25A63D-03A0-4866-84FF-48A2A8CF9101}.Release|x64.ActiveCfg = Release|x64
		{DA25A63D-03A0-4866-84FF-48A2A8CF9101}.Release|x64.Build.0 = Release|x64
		{DA25A63D-03A0-4866-84FF-48A2A8CF9101}.Release|x64.Deploy.0 = Release|x64
		{DA25A63D-03A0-4866-84FF-48A2A8CF9101}.Release|x86.ActiveCfg = Release|x86
		{DA25A63D-03A0-4866-84FF-48A2A8CF9101}.Release|x86.Build.0 = Release|x86
		{DA25A63D-03A0-4866-84FF-48A2A8CF9101}.Release|x86.Deploy.0 = Release|x86
		{B929FFC8-CA0D-43FD-A95B-8E454CCD7133}.Debug|Any CPU.ActiveCfg = Debug|Any CPU
		{B929FFC8-CA0D-43FD-A95B-8E454CCD7133}.Debug|Any CPU.Build.0 = Debug|Any CPU
		{B929FFC8-CA0D-43FD-A95B-8E454CCD7133}.Debug|ARM.ActiveCfg = Debug|Any CPU
		{B929FFC8-CA0D-43FD-A95B-8E454CCD7133}.Debug|x64.ActiveCfg = Debug|Any CPU
		{B929FFC8-CA0D-43FD-A95B-8E454CCD7133}.Debug|x86.ActiveCfg = Debug|Any CPU
		{B929FFC8-CA0D-43FD-A95B-8E454CCD7133}.Release|Any CPU.ActiveCfg = Release|Any CPU
		{B929FFC8-CA0D-43FD-A95B-8E454CCD7133}.Release|Any CPU.Build.0 = Release|Any CPU
		{B929FFC8-CA0D-43FD-A95B-8E454CCD7133}.Release|ARM.ActiveCfg = Release|Any CPU
		{B929FFC8-CA0D-43FD-A95B-8E454CCD7133}.Release|x64.ActiveCfg = Release|Any CPU
		{B929FFC8-CA0D-43FD-A95B-8E454CCD7133}.Release|x86.ActiveCfg = Release|Any CPU
		{429EE5FC-46FE-4249-BB40-8DC6D9023A04}.Debug|Any CPU.ActiveCfg = Debug|Any CPU
		{429EE5FC-46FE-4249-BB40-8DC6D9023A04}.Debug|Any CPU.Build.0 = Debug|Any CPU
		{429EE5FC-46FE-4249-BB40-8DC6D9023A04}.Debug|ARM.ActiveCfg = Debug|ARM
		{429EE5FC-46FE-4249-BB40-8DC6D9023A04}.Debug|ARM.Build.0 = Debug|ARM
		{429EE5FC-46FE-4249-BB40-8DC6D9023A04}.Debug|x64.ActiveCfg = Debug|x64
		{429EE5FC-46FE-4249-BB40-8DC6D9023A04}.Debug|x64.Build.0 = Debug|x64
		{429EE5FC-46FE-4249-BB40-8DC6D9023A04}.Debug|x86.ActiveCfg = Debug|x86
		{429EE5FC-46FE-4249-BB40-8DC6D9023A04}.Debug|x86.Build.0 = Debug|x86
		{429EE5FC-46FE-4249-BB40-8DC6D9023A04}.Release|Any CPU.ActiveCfg = Release|Any CPU
		{429EE5FC-46FE-4249-BB40-8DC6D9023A04}.Release|Any CPU.Build.0 = Release|Any CPU
		{429EE5FC-46FE-4249-BB40-8DC6D9023A04}.Release|ARM.ActiveCfg = Release|ARM
		{429EE5FC-46FE-4249-BB40-8DC6D9023A04}.Release|ARM.Build.0 = Release|ARM
		{429EE5FC-46FE-4249-BB40-8DC6D9023A04}.Release|x64.ActiveCfg = Release|x64
		{429EE5FC-46FE-4249-BB40-8DC6D9023A04}.Release|x64.Build.0 = Release|x64
		{429EE5FC-46FE-4249-BB40-8DC6D9023A04}.Release|x86.ActiveCfg = Release|x86
		{429EE5FC-46FE-4249-BB40-8DC6D9023A04}.Release|x86.Build.0 = Release|x86
		{109459B6-0797-43CC-A8F5-56DF41A47AE6}.Debug|Any CPU.ActiveCfg = Debug|Any CPU
		{109459B6-0797-43CC-A8F5-56DF41A47AE6}.Debug|Any CPU.Build.0 = Debug|Any CPU
		{109459B6-0797-43CC-A8F5-56DF41A47AE6}.Debug|Any CPU.Deploy.0 = Debug|Any CPU
		{109459B6-0797-43CC-A8F5-56DF41A47AE6}.Debug|ARM.ActiveCfg = Debug|ARM
		{109459B6-0797-43CC-A8F5-56DF41A47AE6}.Debug|ARM.Build.0 = Debug|ARM
		{109459B6-0797-43CC-A8F5-56DF41A47AE6}.Debug|ARM.Deploy.0 = Debug|ARM
		{109459B6-0797-43CC-A8F5-56DF41A47AE6}.Debug|x64.ActiveCfg = Debug|x64
		{109459B6-0797-43CC-A8F5-56DF41A47AE6}.Debug|x64.Build.0 = Debug|x64
		{109459B6-0797-43CC-A8F5-56DF41A47AE6}.Debug|x64.Deploy.0 = Debug|x64
		{109459B6-0797-43CC-A8F5-56DF41A47AE6}.Debug|x86.ActiveCfg = Debug|x86
		{109459B6-0797-43CC-A8F5-56DF41A47AE6}.Debug|x86.Build.0 = Debug|x86
		{109459B6-0797-43CC-A8F5-56DF41A47AE6}.Debug|x86.Deploy.0 = Debug|x86
		{109459B6-0797-43CC-A8F5-56DF41A47AE6}.Release|Any CPU.ActiveCfg = Release|Any CPU
		{109459B6-0797-43CC-A8F5-56DF41A47AE6}.Release|Any CPU.Build.0 = Release|Any CPU
		{109459B6-0797-43CC-A8F5-56DF41A47AE6}.Release|Any CPU.Deploy.0 = Release|Any CPU
		{109459B6-0797-43CC-A8F5-56DF41A47AE6}.Release|ARM.ActiveCfg = Release|ARM
		{109459B6-0797-43CC-A8F5-56DF41A47AE6}.Release|ARM.Build.0 = Release|ARM
		{109459B6-0797-43CC-A8F5-56DF41A47AE6}.Release|ARM.Deploy.0 = Release|ARM
		{109459B6-0797-43CC-A8F5-56DF41A47AE6}.Release|x64.ActiveCfg = Release|x64
		{109459B6-0797-43CC-A8F5-56DF41A47AE6}.Release|x64.Build.0 = Release|x64
		{109459B6-0797-43CC-A8F5-56DF41A47AE6}.Release|x64.Deploy.0 = Release|x64
		{109459B6-0797-43CC-A8F5-56DF41A47AE6}.Release|x86.ActiveCfg = Release|x86
		{109459B6-0797-43CC-A8F5-56DF41A47AE6}.Release|x86.Build.0 = Release|x86
		{109459B6-0797-43CC-A8F5-56DF41A47AE6}.Release|x86.Deploy.0 = Release|x86
		{D2A1E0BF-6659-402F-802B-4118CA244E92}.Debug|Any CPU.ActiveCfg = Debug|Any CPU
		{D2A1E0BF-6659-402F-802B-4118CA244E92}.Debug|Any CPU.Build.0 = Debug|Any CPU
		{D2A1E0BF-6659-402F-802B-4118CA244E92}.Debug|ARM.ActiveCfg = Debug|Any CPU
		{D2A1E0BF-6659-402F-802B-4118CA244E92}.Debug|x64.ActiveCfg = Debug|Any CPU
		{D2A1E0BF-6659-402F-802B-4118CA244E92}.Debug|x86.ActiveCfg = Debug|Any CPU
		{D2A1E0BF-6659-402F-802B-4118CA244E92}.Release|Any CPU.ActiveCfg = Release|Any CPU
		{D2A1E0BF-6659-402F-802B-4118CA244E92}.Release|Any CPU.Build.0 = Release|Any CPU
		{D2A1E0BF-6659-402F-802B-4118CA244E92}.Release|ARM.ActiveCfg = Release|Any CPU
		{D2A1E0BF-6659-402F-802B-4118CA244E92}.Release|x64.ActiveCfg = Release|Any CPU
		{D2A1E0BF-6659-402F-802B-4118CA244E92}.Release|x86.ActiveCfg = Release|Any CPU
		{C0CFE1F9-E2E3-49F1-BCEB-2F46C015B439}.Debug|Any CPU.ActiveCfg = Debug|x86
		{C0CFE1F9-E2E3-49F1-BCEB-2F46C015B439}.Debug|Any CPU.Build.0 = Debug|x86
		{C0CFE1F9-E2E3-49F1-BCEB-2F46C015B439}.Debug|Any CPU.Deploy.0 = Debug|x86
		{C0CFE1F9-E2E3-49F1-BCEB-2F46C015B439}.Debug|ARM.ActiveCfg = Debug|ARM
		{C0CFE1F9-E2E3-49F1-BCEB-2F46C015B439}.Debug|ARM.Build.0 = Debug|ARM
		{C0CFE1F9-E2E3-49F1-BCEB-2F46C015B439}.Debug|ARM.Deploy.0 = Debug|ARM
		{C0CFE1F9-E2E3-49F1-BCEB-2F46C015B439}.Debug|x64.ActiveCfg = Debug|x64
		{C0CFE1F9-E2E3-49F1-BCEB-2F46C015B439}.Debug|x64.Build.0 = Debug|x64
		{C0CFE1F9-E2E3-49F1-BCEB-2F46C015B439}.Debug|x64.Deploy.0 = Debug|x64
		{C0CFE1F9-E2E3-49F1-BCEB-2F46C015B439}.Debug|x86.ActiveCfg = Debug|x86
		{C0CFE1F9-E2E3-49F1-BCEB-2F46C015B439}.Debug|x86.Build.0 = Debug|x86
		{C0CFE1F9-E2E3-49F1-BCEB-2F46C015B439}.Debug|x86.Deploy.0 = Debug|x86
		{C0CFE1F9-E2E3-49F1-BCEB-2F46C015B439}.Release|Any CPU.ActiveCfg = Release|x86
		{C0CFE1F9-E2E3-49F1-BCEB-2F46C015B439}.Release|Any CPU.Build.0 = Release|x86
		{C0CFE1F9-E2E3-49F1-BCEB-2F46C015B439}.Release|Any CPU.Deploy.0 = Release|x86
		{C0CFE1F9-E2E3-49F1-BCEB-2F46C015B439}.Release|ARM.ActiveCfg = Release|ARM
		{C0CFE1F9-E2E3-49F1-BCEB-2F46C015B439}.Release|ARM.Build.0 = Release|ARM
		{C0CFE1F9-E2E3-49F1-BCEB-2F46C015B439}.Release|ARM.Deploy.0 = Release|ARM
		{C0CFE1F9-E2E3-49F1-BCEB-2F46C015B439}.Release|x64.ActiveCfg = Release|x64
		{C0CFE1F9-E2E3-49F1-BCEB-2F46C015B439}.Release|x64.Build.0 = Release|x64
		{C0CFE1F9-E2E3-49F1-BCEB-2F46C015B439}.Release|x64.Deploy.0 = Release|x64
		{C0CFE1F9-E2E3-49F1-BCEB-2F46C015B439}.Release|x86.ActiveCfg = Release|x86
		{C0CFE1F9-E2E3-49F1-BCEB-2F46C015B439}.Release|x86.Build.0 = Release|x86
		{C0CFE1F9-E2E3-49F1-BCEB-2F46C015B439}.Release|x86.Deploy.0 = Release|x86
		{9F2EAD71-CA2E-4ACE-81D6-EA9023580B03}.Debug|Any CPU.ActiveCfg = Debug|Any CPU
		{9F2EAD71-CA2E-4ACE-81D6-EA9023580B03}.Debug|Any CPU.Build.0 = Debug|Any CPU
		{9F2EAD71-CA2E-4ACE-81D6-EA9023580B03}.Debug|ARM.ActiveCfg = Debug|Any CPU
		{9F2EAD71-CA2E-4ACE-81D6-EA9023580B03}.Debug|x64.ActiveCfg = Debug|Any CPU
		{9F2EAD71-CA2E-4ACE-81D6-EA9023580B03}.Debug|x86.ActiveCfg = Debug|Any CPU
		{9F2EAD71-CA2E-4ACE-81D6-EA9023580B03}.Release|Any CPU.ActiveCfg = Release|Any CPU
		{9F2EAD71-CA2E-4ACE-81D6-EA9023580B03}.Release|Any CPU.Build.0 = Release|Any CPU
		{9F2EAD71-CA2E-4ACE-81D6-EA9023580B03}.Release|ARM.ActiveCfg = Release|Any CPU
		{9F2EAD71-CA2E-4ACE-81D6-EA9023580B03}.Release|x64.ActiveCfg = Release|Any CPU
		{9F2EAD71-CA2E-4ACE-81D6-EA9023580B03}.Release|x86.ActiveCfg = Release|Any CPU
		{0CF158CD-DD4E-4E9B-B386-E3BA3C4C6F1F}.Debug|Any CPU.ActiveCfg = Debug|x86
		{0CF158CD-DD4E-4E9B-B386-E3BA3C4C6F1F}.Debug|Any CPU.Build.0 = Debug|x86
		{0CF158CD-DD4E-4E9B-B386-E3BA3C4C6F1F}.Debug|ARM.ActiveCfg = Debug|ARM
		{0CF158CD-DD4E-4E9B-B386-E3BA3C4C6F1F}.Debug|ARM.Build.0 = Debug|ARM
		{0CF158CD-DD4E-4E9B-B386-E3BA3C4C6F1F}.Debug|x64.ActiveCfg = Debug|x64
		{0CF158CD-DD4E-4E9B-B386-E3BA3C4C6F1F}.Debug|x64.Build.0 = Debug|x64
		{0CF158CD-DD4E-4E9B-B386-E3BA3C4C6F1F}.Debug|x86.ActiveCfg = Debug|x86
		{0CF158CD-DD4E-4E9B-B386-E3BA3C4C6F1F}.Debug|x86.Build.0 = Debug|x86
		{0CF158CD-DD4E-4E9B-B386-E3BA3C4C6F1F}.Release|Any CPU.ActiveCfg = Release|x86
		{0CF158CD-DD4E-4E9B-B386-E3BA3C4C6F1F}.Release|Any CPU.Build.0 = Release|x86
		{0CF158CD-DD4E-4E9B-B386-E3BA3C4C6F1F}.Release|ARM.ActiveCfg = Release|ARM
		{0CF158CD-DD4E-4E9B-B386-E3BA3C4C6F1F}.Release|ARM.Build.0 = Release|ARM
		{0CF158CD-DD4E-4E9B-B386-E3BA3C4C6F1F}.Release|x64.ActiveCfg = Release|x64
		{0CF158CD-DD4E-4E9B-B386-E3BA3C4C6F1F}.Release|x64.Build.0 = Release|x64
		{0CF158CD-DD4E-4E9B-B386-E3BA3C4C6F1F}.Release|x86.ActiveCfg = Release|x86
		{0CF158CD-DD4E-4E9B-B386-E3BA3C4C6F1F}.Release|x86.Build.0 = Release|x86
		{9D206352-FC97-4DD0-9C08-982296DB92BC}.Debug|Any CPU.ActiveCfg = Debug|Any CPU
		{9D206352-FC97-4DD0-9C08-982296DB92BC}.Debug|Any CPU.Build.0 = Debug|Any CPU
		{9D206352-FC97-4DD0-9C08-982296DB92BC}.Debug|ARM.ActiveCfg = Debug|Any CPU
		{9D206352-FC97-4DD0-9C08-982296DB92BC}.Debug|x64.ActiveCfg = Debug|Any CPU
		{9D206352-FC97-4DD0-9C08-982296DB92BC}.Debug|x86.ActiveCfg = Debug|Any CPU
		{9D206352-FC97-4DD0-9C08-982296DB92BC}.Release|Any CPU.ActiveCfg = Release|Any CPU
		{9D206352-FC97-4DD0-9C08-982296DB92BC}.Release|Any CPU.Build.0 = Release|Any CPU
		{9D206352-FC97-4DD0-9C08-982296DB92BC}.Release|ARM.ActiveCfg = Release|Any CPU
		{9D206352-FC97-4DD0-9C08-982296DB92BC}.Release|x64.ActiveCfg = Release|Any CPU
		{9D206352-FC97-4DD0-9C08-982296DB92BC}.Release|x86.ActiveCfg = Release|Any CPU
	EndGlobalSection
	GlobalSection(SolutionProperties) = preSolution
		HideSolutionNode = FALSE
	EndGlobalSection
	GlobalSection(NestedProjects) = preSolution
		{109459B6-0797-43CC-A8F5-56DF41A47AE6} = {330C34B6-970D-43C8-BBF2-FC9BED6DE53D}
		{DA25A63D-03A0-4866-84FF-48A2A8CF9101} = {330C34B6-970D-43C8-BBF2-FC9BED6DE53D}
		{D2A1E0BF-6659-402F-802B-4118CA244E92} = {3ADE1B40-4C2F-4633-9006-00AF3FB361E8}
		{C0CFE1F9-E2E3-49F1-BCEB-2F46C015B439} = {3ADE1B40-4C2F-4633-9006-00AF3FB361E8}
		{9F2EAD71-CA2E-4ACE-81D6-EA9023580B03} = {3ADE1B40-4C2F-4633-9006-00AF3FB361E8}
	EndGlobalSection
EndGlobal
