
Microsoft Visual Studio Solution File, Format Version 12.00
# Visual Studio 2012
Project("{FAE04EC0-301F-11D3-BF4B-00C04F79EFBC}") = "MetroLog", "MetroLog\MetroLog.csproj", "{65E2062E-AAC2-4054-AAE6-D6764040C769}"
EndProject
Project("{FAE04EC0-301F-11D3-BF4B-00C04F79EFBC}") = "MetroLog.Tests", "MetroLog.Tests\MetroLog.Tests.csproj", "{DA25A63D-03A0-4866-84FF-48A2A8CF9101}"
EndProject
Project("{2150E333-8FDC-42A3-9474-1A3956D46DE8}") = "Solution Items", "Solution Items", "{B59C05D2-3F0D-40CB-8753-7F63D458AF00}"
	ProjectSection(SolutionItems) = preProject
		README.mdown = README.mdown
	EndProjectSection
EndProject
Global
	GlobalSection(SolutionConfigurationPlatforms) = preSolution
		Debug|ARM = Debug|ARM
		Debug|Any CPU = Debug|Any CPU
		Debug|x64 = Debug|x64
		Debug|x86 = Debug|x86
		Release|ARM = Release|ARM
		Release|Any CPU = Release|Any CPU
		Release|x64 = Release|x64
		Release|x86 = Release|x86
	EndGlobalSection
	GlobalSection(ProjectConfigurationPlatforms) = postSolution
		{65E2062E-AAC2-4054-AAE6-D6764040C769}.Debug|ARM.ActiveCfg = Debug|ARM
		{65E2062E-AAC2-4054-AAE6-D6764040C769}.Debug|ARM.Build.0 = Debug|ARM
		{65E2062E-AAC2-4054-AAE6-D6764040C769}.Debug|Any CPU.ActiveCfg = Debug|Any CPU
		{65E2062E-AAC2-4054-AAE6-D6764040C769}.Debug|Any CPU.Build.0 = Debug|Any CPU
		{65E2062E-AAC2-4054-AAE6-D6764040C769}.Debug|x64.ActiveCfg = Debug|x64
		{65E2062E-AAC2-4054-AAE6-D6764040C769}.Debug|x64.Build.0 = Debug|x64
		{65E2062E-AAC2-4054-AAE6-D6764040C769}.Debug|x86.ActiveCfg = Debug|x86
		{65E2062E-AAC2-4054-AAE6-D6764040C769}.Debug|x86.Build.0 = Debug|x86
		{65E2062E-AAC2-4054-AAE6-D6764040C769}.Release|ARM.ActiveCfg = Release|ARM
		{65E2062E-AAC2-4054-AAE6-D6764040C769}.Release|ARM.Build.0 = Release|ARM
		{65E2062E-AAC2-4054-AAE6-D6764040C769}.Release|Any CPU.ActiveCfg = Release|Any CPU
		{65E2062E-AAC2-4054-AAE6-D6764040C769}.Release|Any CPU.Build.0 = Release|Any CPU
		{65E2062E-AAC2-4054-AAE6-D6764040C769}.Release|x64.ActiveCfg = Release|x64
		{65E2062E-AAC2-4054-AAE6-D6764040C769}.Release|x64.Build.0 = Release|x64
		{65E2062E-AAC2-4054-AAE6-D6764040C769}.Release|x86.ActiveCfg = Release|x86
		{65E2062E-AAC2-4054-AAE6-D6764040C769}.Release|x86.Build.0 = Release|x86
		{DA25A63D-03A0-4866-84FF-48A2A8CF9101}.Debug|ARM.ActiveCfg = Debug|ARM
		{DA25A63D-03A0-4866-84FF-48A2A8CF9101}.Debug|ARM.Build.0 = Debug|ARM
		{DA25A63D-03A0-4866-84FF-48A2A8CF9101}.Debug|ARM.Deploy.0 = Debug|ARM
		{DA25A63D-03A0-4866-84FF-48A2A8CF9101}.Debug|Any CPU.ActiveCfg = Debug|Any CPU
		{DA25A63D-03A0-4866-84FF-48A2A8CF9101}.Debug|Any CPU.Build.0 = Debug|Any CPU
		{DA25A63D-03A0-4866-84FF-48A2A8CF9101}.Debug|Any CPU.Deploy.0 = Debug|Any CPU
		{DA25A63D-03A0-4866-84FF-48A2A8CF9101}.Debug|x64.ActiveCfg = Debug|x64
		{DA25A63D-03A0-4866-84FF-48A2A8CF9101}.Debug|x64.Build.0 = Debug|x64
		{DA25A63D-03A0-4866-84FF-48A2A8CF9101}.Debug|x64.Deploy.0 = Debug|x64
		{DA25A63D-03A0-4866-84FF-48A2A8CF9101}.Debug|x86.ActiveCfg = Debug|x86
		{DA25A63D-03A0-4866-84FF-48A2A8CF9101}.Debug|x86.Build.0 = Debug|x86
		{DA25A63D-03A0-4866-84FF-48A2A8CF9101}.Debug|x86.Deploy.0 = Debug|x86
		{DA25A63D-03A0-4866-84FF-48A2A8CF9101}.Release|ARM.ActiveCfg = Release|ARM
		{DA25A63D-03A0-4866-84FF-48A2A8CF9101}.Release|ARM.Build.0 = Release|ARM
		{DA25A63D-03A0-4866-84FF-48A2A8CF9101}.Release|ARM.Deploy.0 = Release|ARM
		{DA25A63D-03A0-4866-84FF-48A2A8CF9101}.Release|Any CPU.ActiveCfg = Release|Any CPU
		{DA25A63D-03A0-4866-84FF-48A2A8CF9101}.Release|Any CPU.Build.0 = Release|Any CPU
		{DA25A63D-03A0-4866-84FF-48A2A8CF9101}.Release|Any CPU.Deploy.0 = Release|Any CPU
		{DA25A63D-03A0-4866-84FF-48A2A8CF9101}.Release|x64.ActiveCfg = Release|x64
		{DA25A63D-03A0-4866-84FF-48A2A8CF9101}.Release|x64.Build.0 = Release|x64
		{DA25A63D-03A0-4866-84FF-48A2A8CF9101}.Release|x64.Deploy.0 = Release|x64
		{DA25A63D-03A0-4866-84FF-48A2A8CF9101}.Release|x86.ActiveCfg = Release|x86
		{DA25A63D-03A0-4866-84FF-48A2A8CF9101}.Release|x86.Build.0 = Release|x86
		{DA25A63D-03A0-4866-84FF-48A2A8CF9101}.Release|x86.Deploy.0 = Release|x86
	EndGlobalSection
	GlobalSection(SolutionProperties) = preSolution
		HideSolutionNode = FALSE
	EndGlobalSection
EndGlobal
