
Microsoft Visual Studio Solution File, Format Version 12.00
# Visual Studio 14
VisualStudioVersion = 14.0.24720.0
MinimumVisualStudioVersion = 10.0.40219.1
Project("{FAE04EC0-301F-11D3-BF4B-00C04F79EFBC}") = "MetroLog", "MetroLog\MetroLog.csproj", "{65E2062E-AAC2-4054-AAE6-D6764040C769}"
EndProject
Project("{FAE04EC0-301F-11D3-BF4B-00C04F79EFBC}") = "MetroLog.Tests", "MetroLog.Tests\MetroLog.Tests.csproj", "{DA25A63D-03A0-4866-84FF-48A2A8CF9101}"
EndProject
Project("{2150E333-8FDC-42A3-9474-1A3956D46DE8}") = "Solution Items", "Solution Items", "{B59C05D2-3F0D-40CB-8753-7F63D458AF00}"
	ProjectSection(SolutionItems) = preProject
		MetroLog ReadMe.txt = MetroLog ReadMe.txt
		MetroLog.nuspec = MetroLog.nuspec
		typescript\MetroLog.WinRT.d.ts = typescript\MetroLog.WinRT.d.ts
		README.mdown = README.mdown
		typescript\winrt.d.ts = typescript\winrt.d.ts
	EndProjectSection
EndProject
Project("{2150E333-8FDC-42A3-9474-1A3956D46DE8}") = "Tests", "Tests", "{330C34B6-970D-43C8-BBF2-FC9BED6DE53D}"
EndProject
Project("{2150E333-8FDC-42A3-9474-1A3956D46DE8}") = "Sample Apps", "Sample Apps", "{3ADE1B40-4C2F-4633-9006-00AF3FB361E8}"
EndProject
Project("{FAE04EC0-301F-11D3-BF4B-00C04F79EFBC}") = "ConsoleSample", "Samples\ConsoleSample\ConsoleSample.csproj", "{D2A1E0BF-6659-402F-802B-4118CA244E92}"
EndProject
Project("{FAE04EC0-301F-11D3-BF4B-00C04F79EFBC}") = "Win8Sample", "Win8Sample\Win8Sample.csproj", "{C0CFE1F9-E2E3-49F1-BCEB-2F46C015B439}"
EndProject
Project("{FAE04EC0-301F-11D3-BF4B-00C04F79EFBC}") = "WebTargetSample", "WebTargetSample\WebTargetSample.csproj", "{9F2EAD71-CA2E-4ACE-81D6-EA9023580B03}"
EndProject
Project("{262852C6-CD72-467D-83FE-5EEB1973A190}") = "WinJSSample", "WinJSSample\WinJSSample.jsproj", "{831C4224-F960-482D-BAD9-3FAAAAFBBD44}"
EndProject
Project("{FAE04EC0-301F-11D3-BF4B-00C04F79EFBC}") = "MetroLog.WinRT", "MetroLog.WinRT\MetroLog.WinRT.csproj", "{E400992A-F3C6-4828-A996-C3C72CE793BF}"
EndProject
Project("{FAE04EC0-301F-11D3-BF4B-00C04F79EFBC}") = "MetroLog.WP8", "MetroLog.WP8\MetroLog.WP8.csproj", "{608612D2-940C-425E-8912-BA25919DA7BD}"
EndProject
Project("{FAE04EC0-301F-11D3-BF4B-00C04F79EFBC}") = "MetroLog.WP8.Tests", "MetroLog.WP8.Tests\MetroLog.WP8.Tests.csproj", "{991F0C48-3F70-441B-8DBF-DEEF3D66081C}"
EndProject
Project("{FAE04EC0-301F-11D3-BF4B-00C04F79EFBC}") = "MetroLog.NetFx", "MetroLog.NetFx\MetroLog.NetFx.csproj", "{B929FFC8-CA0D-43FD-A95B-8E454CCD7133}"
EndProject
Project("{FAE04EC0-301F-11D3-BF4B-00C04F79EFBC}") = "MetroLog.iOS", "MetroLog.iOS\MetroLog.iOS.csproj", "{B3C9B85A-A54E-4ABF-A552-5CF6D8DDB57F}"
EndProject
Project("{FAE04EC0-301F-11D3-BF4B-00C04F79EFBC}") = "MetroLog.Android", "MetroLog.Android\MetroLog.Android.csproj", "{B60E2980-845E-40E0-A623-F8558765F9FA}"
EndProject
Project("{FAE04EC0-301F-11D3-BF4B-00C04F79EFBC}") = "MetroLog.Wpa81", "MetroLog.Wpa81\MetroLog.Wpa81.csproj", "{C2CEB5C6-43D2-45A0-B4C4-B196ECE86F62}"
EndProject
Project("{D954291E-2A0B-460D-934E-DC6B0785DB48}") = "MetroLog.Shared.WinRT", "MetroLog.Shared.WinRT\MetroLog.Shared.WinRT.shproj", "{2DA83E6C-1F39-4A81-8DC2-A6CD9CAC9F8E}"
EndProject
Project("{D954291E-2A0B-460D-934E-DC6B0785DB48}") = "MetroLog.Shared", "MetroLog.Shared\MetroLog.Shared.shproj", "{87B9ADC4-8888-43F7-A711-39EDB0CFA9C0}"
EndProject
Project("{FAE04EC0-301F-11D3-BF4B-00C04F79EFBC}") = "iOSClassicSample", "iOSClassicSample\iOSClassicSample.csproj", "{C8231912-EAC7-4E71-9E5D-4B51869A1BA2}"
EndProject
Project("{FAE04EC0-301F-11D3-BF4B-00C04F79EFBC}") = "iOSUnifiedSample", "iOSUnifiedSample\iOSUnifiedSample.csproj", "{A2D57852-C9D4-4357-84FC-C15881711DD1}"
EndProject
Project("{FAE04EC0-301F-11D3-BF4B-00C04F79EFBC}") = "MetroLog.iOS-Unified", "MetroLog.iOS-Unified\MetroLog.iOS-Unified.csproj", "{A4B357DB-6358-4616-BFC9-174087E321F3}"
EndProject
Project("{FAE04EC0-301F-11D3-BF4B-00C04F79EFBC}") = "MetroLog.Win81.Tests", "MetroLog.Win81.Tests\MetroLog.Win81.Tests.csproj", "{31972FC1-987B-4981-B32D-6D60B356DD97}"
EndProject
Project("{FAE04EC0-301F-11D3-BF4B-00C04F79EFBC}") = "MetroLog.Win81", "MetroLog.Win81\MetroLog.Win81.csproj", "{429EE5FC-46FE-4249-BB40-8DC6D9023A04}"
EndProject
Project("{FAE04EC0-301F-11D3-BF4B-00C04F79EFBC}") = "MetroLog.Targets.SQLite", "MetroLog.Targets.SQLite\MetroLog.Targets.SQLite.csproj", "{0CF158CD-DD4E-4E9B-B386-E3BA3C4C6F1F}"
EndProject
Project("{FAE04EC0-301F-11D3-BF4B-00C04F79EFBC}") = "MetroLog.NetCore", "MetroLog.NetCore\MetroLog.NetCore.csproj", "{D91B8858-7584-4269-A39C-B5AB5E0B4004}"
EndProject
Global
	GlobalSection(SharedMSBuildProjectFiles) = preSolution
		MetroLog.Shared.WinRT\MetroLog.Shared.WinRT.projitems*{429ee5fc-46fe-4249-bb40-8dc6d9023a04}*SharedItemsImports = 4
		MetroLog.Shared\MetroLog.Shared.projitems*{429ee5fc-46fe-4249-bb40-8dc6d9023a04}*SharedItemsImports = 4
		MetroLog.Shared.WinRT\MetroLog.Shared.WinRT.projitems*{2da83e6c-1f39-4a81-8dc2-a6cd9cac9f8e}*SharedItemsImports = 13
		MetroLog.Shared\MetroLog.Shared.projitems*{b60e2980-845e-40e0-a623-f8558765f9fa}*SharedItemsImports = 4
		MetroLog.Shared\MetroLog.Shared.projitems*{a4b357db-6358-4616-bfc9-174087e321f3}*SharedItemsImports = 4
		MetroLog.Shared\MetroLog.Shared.projitems*{b929ffc8-ca0d-43fd-a95b-8e454ccd7133}*SharedItemsImports = 4
		MetroLog.Shared\MetroLog.Shared.projitems*{65e2062e-aac2-4054-aae6-d6764040c769}*SharedItemsImports = 4
		MetroLog.Shared\MetroLog.Shared.projitems*{d91b8858-7584-4269-a39c-b5ab5e0b4004}*SharedItemsImports = 4
		MetroLog.Shared.WinRT\MetroLog.Shared.WinRT.projitems*{c2ceb5c6-43d2-45a0-b4c4-b196ece86f62}*SharedItemsImports = 4
		MetroLog.Shared\MetroLog.Shared.projitems*{c2ceb5c6-43d2-45a0-b4c4-b196ece86f62}*SharedItemsImports = 4
		MetroLog.Shared\MetroLog.Shared.projitems*{87b9adc4-8888-43f7-a711-39edb0cfa9c0}*SharedItemsImports = 13
		MetroLog.Shared\MetroLog.Shared.projitems*{b3c9b85a-a54e-4abf-a552-5cf6d8ddb57f}*SharedItemsImports = 4
		MetroLog.Shared\MetroLog.Shared.projitems*{608612d2-940c-425e-8912-ba25919da7bd}*SharedItemsImports = 4
	EndGlobalSection
	GlobalSection(SolutionConfigurationPlatforms) = preSolution
		Debug|Any CPU = Debug|Any CPU
		Debug|ARM = Debug|ARM
		Debug|iPhone = Debug|iPhone
		Debug|iPhoneSimulator = Debug|iPhoneSimulator
		Debug|Mixed Platforms = Debug|Mixed Platforms
		Debug|x64 = Debug|x64
		Debug|x86 = Debug|x86
		Release|Any CPU = Release|Any CPU
		Release|ARM = Release|ARM
		Release|iPhone = Release|iPhone
		Release|iPhoneSimulator = Release|iPhoneSimulator
		Release|Mixed Platforms = Release|Mixed Platforms
		Release|x64 = Release|x64
		Release|x86 = Release|x86
	EndGlobalSection
	GlobalSection(ProjectConfigurationPlatforms) = postSolution
		{65E2062E-AAC2-4054-AAE6-D6764040C769}.Debug|Any CPU.ActiveCfg = Debug|Any CPU
		{65E2062E-AAC2-4054-AAE6-D6764040C769}.Debug|Any CPU.Build.0 = Debug|Any CPU
		{65E2062E-AAC2-4054-AAE6-D6764040C769}.Debug|ARM.ActiveCfg = Debug|ARM
		{65E2062E-AAC2-4054-AAE6-D6764040C769}.Debug|ARM.Build.0 = Debug|ARM
		{65E2062E-AAC2-4054-AAE6-D6764040C769}.Debug|iPhone.ActiveCfg = Debug|Any CPU
		{65E2062E-AAC2-4054-AAE6-D6764040C769}.Debug|iPhone.Build.0 = Debug|Any CPU
		{65E2062E-AAC2-4054-AAE6-D6764040C769}.Debug|iPhoneSimulator.ActiveCfg = Debug|Any CPU
		{65E2062E-AAC2-4054-AAE6-D6764040C769}.Debug|iPhoneSimulator.Build.0 = Debug|Any CPU
		{65E2062E-AAC2-4054-AAE6-D6764040C769}.Debug|Mixed Platforms.ActiveCfg = Debug|Any CPU
		{65E2062E-AAC2-4054-AAE6-D6764040C769}.Debug|Mixed Platforms.Build.0 = Debug|Any CPU
		{65E2062E-AAC2-4054-AAE6-D6764040C769}.Debug|x64.ActiveCfg = Debug|x64
		{65E2062E-AAC2-4054-AAE6-D6764040C769}.Debug|x64.Build.0 = Debug|x64
		{65E2062E-AAC2-4054-AAE6-D6764040C769}.Debug|x86.ActiveCfg = Debug|x86
		{65E2062E-AAC2-4054-AAE6-D6764040C769}.Debug|x86.Build.0 = Debug|x86
		{65E2062E-AAC2-4054-AAE6-D6764040C769}.Release|Any CPU.ActiveCfg = Release|Any CPU
		{65E2062E-AAC2-4054-AAE6-D6764040C769}.Release|Any CPU.Build.0 = Release|Any CPU
		{65E2062E-AAC2-4054-AAE6-D6764040C769}.Release|ARM.ActiveCfg = Release|ARM
		{65E2062E-AAC2-4054-AAE6-D6764040C769}.Release|ARM.Build.0 = Release|ARM
		{65E2062E-AAC2-4054-AAE6-D6764040C769}.Release|iPhone.ActiveCfg = Release|Any CPU
		{65E2062E-AAC2-4054-AAE6-D6764040C769}.Release|iPhone.Build.0 = Release|Any CPU
		{65E2062E-AAC2-4054-AAE6-D6764040C769}.Release|iPhoneSimulator.ActiveCfg = Release|Any CPU
		{65E2062E-AAC2-4054-AAE6-D6764040C769}.Release|iPhoneSimulator.Build.0 = Release|Any CPU
		{65E2062E-AAC2-4054-AAE6-D6764040C769}.Release|Mixed Platforms.ActiveCfg = Release|Any CPU
		{65E2062E-AAC2-4054-AAE6-D6764040C769}.Release|Mixed Platforms.Build.0 = Release|Any CPU
		{65E2062E-AAC2-4054-AAE6-D6764040C769}.Release|x64.ActiveCfg = Release|x64
		{65E2062E-AAC2-4054-AAE6-D6764040C769}.Release|x64.Build.0 = Release|x64
		{65E2062E-AAC2-4054-AAE6-D6764040C769}.Release|x86.ActiveCfg = Release|x86
		{65E2062E-AAC2-4054-AAE6-D6764040C769}.Release|x86.Build.0 = Release|x86
		{DA25A63D-03A0-4866-84FF-48A2A8CF9101}.Debug|Any CPU.ActiveCfg = Debug|Any CPU
		{DA25A63D-03A0-4866-84FF-48A2A8CF9101}.Debug|Any CPU.Build.0 = Debug|Any CPU
		{DA25A63D-03A0-4866-84FF-48A2A8CF9101}.Debug|ARM.ActiveCfg = Debug|Any CPU
		{DA25A63D-03A0-4866-84FF-48A2A8CF9101}.Debug|iPhone.ActiveCfg = Debug|Any CPU
		{DA25A63D-03A0-4866-84FF-48A2A8CF9101}.Debug|iPhone.Build.0 = Debug|Any CPU
		{DA25A63D-03A0-4866-84FF-48A2A8CF9101}.Debug|iPhoneSimulator.ActiveCfg = Debug|Any CPU
		{DA25A63D-03A0-4866-84FF-48A2A8CF9101}.Debug|iPhoneSimulator.Build.0 = Debug|Any CPU
		{DA25A63D-03A0-4866-84FF-48A2A8CF9101}.Debug|Mixed Platforms.ActiveCfg = Debug|Any CPU
		{DA25A63D-03A0-4866-84FF-48A2A8CF9101}.Debug|Mixed Platforms.Build.0 = Debug|Any CPU
		{DA25A63D-03A0-4866-84FF-48A2A8CF9101}.Debug|x64.ActiveCfg = Debug|x64
		{DA25A63D-03A0-4866-84FF-48A2A8CF9101}.Debug|x64.Build.0 = Debug|x64
		{DA25A63D-03A0-4866-84FF-48A2A8CF9101}.Debug|x64.Deploy.0 = Debug|x64
		{DA25A63D-03A0-4866-84FF-48A2A8CF9101}.Debug|x86.ActiveCfg = Debug|x86
		{DA25A63D-03A0-4866-84FF-48A2A8CF9101}.Debug|x86.Build.0 = Debug|x86
		{DA25A63D-03A0-4866-84FF-48A2A8CF9101}.Debug|x86.Deploy.0 = Debug|x86
		{DA25A63D-03A0-4866-84FF-48A2A8CF9101}.Release|Any CPU.ActiveCfg = Release|Any CPU
		{DA25A63D-03A0-4866-84FF-48A2A8CF9101}.Release|Any CPU.Build.0 = Release|Any CPU
		{DA25A63D-03A0-4866-84FF-48A2A8CF9101}.Release|ARM.ActiveCfg = Release|Any CPU
		{DA25A63D-03A0-4866-84FF-48A2A8CF9101}.Release|iPhone.ActiveCfg = Release|Any CPU
		{DA25A63D-03A0-4866-84FF-48A2A8CF9101}.Release|iPhone.Build.0 = Release|Any CPU
		{DA25A63D-03A0-4866-84FF-48A2A8CF9101}.Release|iPhoneSimulator.ActiveCfg = Release|Any CPU
		{DA25A63D-03A0-4866-84FF-48A2A8CF9101}.Release|iPhoneSimulator.Build.0 = Release|Any CPU
		{DA25A63D-03A0-4866-84FF-48A2A8CF9101}.Release|Mixed Platforms.ActiveCfg = Release|Any CPU
		{DA25A63D-03A0-4866-84FF-48A2A8CF9101}.Release|Mixed Platforms.Build.0 = Release|Any CPU
		{DA25A63D-03A0-4866-84FF-48A2A8CF9101}.Release|x64.ActiveCfg = Release|x64
		{DA25A63D-03A0-4866-84FF-48A2A8CF9101}.Release|x64.Build.0 = Release|x64
		{DA25A63D-03A0-4866-84FF-48A2A8CF9101}.Release|x64.Deploy.0 = Release|x64
		{DA25A63D-03A0-4866-84FF-48A2A8CF9101}.Release|x86.ActiveCfg = Release|x86
		{DA25A63D-03A0-4866-84FF-48A2A8CF9101}.Release|x86.Build.0 = Release|x86
		{DA25A63D-03A0-4866-84FF-48A2A8CF9101}.Release|x86.Deploy.0 = Release|x86
		{D2A1E0BF-6659-402F-802B-4118CA244E92}.Debug|Any CPU.ActiveCfg = Debug|Any CPU
		{D2A1E0BF-6659-402F-802B-4118CA244E92}.Debug|Any CPU.Build.0 = Debug|Any CPU
		{D2A1E0BF-6659-402F-802B-4118CA244E92}.Debug|ARM.ActiveCfg = Debug|Any CPU
		{D2A1E0BF-6659-402F-802B-4118CA244E92}.Debug|iPhone.ActiveCfg = Debug|Any CPU
		{D2A1E0BF-6659-402F-802B-4118CA244E92}.Debug|iPhone.Build.0 = Debug|Any CPU
		{D2A1E0BF-6659-402F-802B-4118CA244E92}.Debug|iPhoneSimulator.ActiveCfg = Debug|Any CPU
		{D2A1E0BF-6659-402F-802B-4118CA244E92}.Debug|iPhoneSimulator.Build.0 = Debug|Any CPU
		{D2A1E0BF-6659-402F-802B-4118CA244E92}.Debug|Mixed Platforms.ActiveCfg = Debug|Any CPU
		{D2A1E0BF-6659-402F-802B-4118CA244E92}.Debug|Mixed Platforms.Build.0 = Debug|Any CPU
		{D2A1E0BF-6659-402F-802B-4118CA244E92}.Debug|x64.ActiveCfg = Debug|Any CPU
		{D2A1E0BF-6659-402F-802B-4118CA244E92}.Debug|x86.ActiveCfg = Debug|Any CPU
		{D2A1E0BF-6659-402F-802B-4118CA244E92}.Release|Any CPU.ActiveCfg = Release|Any CPU
		{D2A1E0BF-6659-402F-802B-4118CA244E92}.Release|Any CPU.Build.0 = Release|Any CPU
		{D2A1E0BF-6659-402F-802B-4118CA244E92}.Release|ARM.ActiveCfg = Release|Any CPU
		{D2A1E0BF-6659-402F-802B-4118CA244E92}.Release|iPhone.ActiveCfg = Release|Any CPU
		{D2A1E0BF-6659-402F-802B-4118CA244E92}.Release|iPhone.Build.0 = Release|Any CPU
		{D2A1E0BF-6659-402F-802B-4118CA244E92}.Release|iPhoneSimulator.ActiveCfg = Release|Any CPU
		{D2A1E0BF-6659-402F-802B-4118CA244E92}.Release|iPhoneSimulator.Build.0 = Release|Any CPU
		{D2A1E0BF-6659-402F-802B-4118CA244E92}.Release|Mixed Platforms.ActiveCfg = Release|Any CPU
		{D2A1E0BF-6659-402F-802B-4118CA244E92}.Release|Mixed Platforms.Build.0 = Release|Any CPU
		{D2A1E0BF-6659-402F-802B-4118CA244E92}.Release|x64.ActiveCfg = Release|Any CPU
		{D2A1E0BF-6659-402F-802B-4118CA244E92}.Release|x86.ActiveCfg = Release|Any CPU
		{C0CFE1F9-E2E3-49F1-BCEB-2F46C015B439}.Debug|Any CPU.ActiveCfg = Debug|Any CPU
		{C0CFE1F9-E2E3-49F1-BCEB-2F46C015B439}.Debug|Any CPU.Build.0 = Debug|Any CPU
		{C0CFE1F9-E2E3-49F1-BCEB-2F46C015B439}.Debug|Any CPU.Deploy.0 = Debug|Any CPU
		{C0CFE1F9-E2E3-49F1-BCEB-2F46C015B439}.Debug|ARM.ActiveCfg = Debug|ARM
		{C0CFE1F9-E2E3-49F1-BCEB-2F46C015B439}.Debug|ARM.Build.0 = Debug|ARM
		{C0CFE1F9-E2E3-49F1-BCEB-2F46C015B439}.Debug|ARM.Deploy.0 = Debug|ARM
		{C0CFE1F9-E2E3-49F1-BCEB-2F46C015B439}.Debug|iPhone.ActiveCfg = Debug|Any CPU
		{C0CFE1F9-E2E3-49F1-BCEB-2F46C015B439}.Debug|iPhone.Build.0 = Debug|Any CPU
		{C0CFE1F9-E2E3-49F1-BCEB-2F46C015B439}.Debug|iPhone.Deploy.0 = Debug|Any CPU
		{C0CFE1F9-E2E3-49F1-BCEB-2F46C015B439}.Debug|iPhoneSimulator.ActiveCfg = Debug|Any CPU
		{C0CFE1F9-E2E3-49F1-BCEB-2F46C015B439}.Debug|iPhoneSimulator.Build.0 = Debug|Any CPU
		{C0CFE1F9-E2E3-49F1-BCEB-2F46C015B439}.Debug|iPhoneSimulator.Deploy.0 = Debug|Any CPU
		{C0CFE1F9-E2E3-49F1-BCEB-2F46C015B439}.Debug|Mixed Platforms.ActiveCfg = Debug|x86
		{C0CFE1F9-E2E3-49F1-BCEB-2F46C015B439}.Debug|Mixed Platforms.Build.0 = Debug|x86
		{C0CFE1F9-E2E3-49F1-BCEB-2F46C015B439}.Debug|Mixed Platforms.Deploy.0 = Debug|x86
		{C0CFE1F9-E2E3-49F1-BCEB-2F46C015B439}.Debug|x64.ActiveCfg = Debug|x64
		{C0CFE1F9-E2E3-49F1-BCEB-2F46C015B439}.Debug|x64.Build.0 = Debug|x64
		{C0CFE1F9-E2E3-49F1-BCEB-2F46C015B439}.Debug|x64.Deploy.0 = Debug|x64
		{C0CFE1F9-E2E3-49F1-BCEB-2F46C015B439}.Debug|x86.ActiveCfg = Debug|x86
		{C0CFE1F9-E2E3-49F1-BCEB-2F46C015B439}.Debug|x86.Build.0 = Debug|x86
		{C0CFE1F9-E2E3-49F1-BCEB-2F46C015B439}.Debug|x86.Deploy.0 = Debug|x86
		{C0CFE1F9-E2E3-49F1-BCEB-2F46C015B439}.Release|Any CPU.ActiveCfg = Release|Any CPU
		{C0CFE1F9-E2E3-49F1-BCEB-2F46C015B439}.Release|Any CPU.Build.0 = Release|Any CPU
		{C0CFE1F9-E2E3-49F1-BCEB-2F46C015B439}.Release|Any CPU.Deploy.0 = Release|Any CPU
		{C0CFE1F9-E2E3-49F1-BCEB-2F46C015B439}.Release|ARM.ActiveCfg = Release|ARM
		{C0CFE1F9-E2E3-49F1-BCEB-2F46C015B439}.Release|ARM.Build.0 = Release|ARM
		{C0CFE1F9-E2E3-49F1-BCEB-2F46C015B439}.Release|ARM.Deploy.0 = Release|ARM
		{C0CFE1F9-E2E3-49F1-BCEB-2F46C015B439}.Release|iPhone.ActiveCfg = Release|Any CPU
		{C0CFE1F9-E2E3-49F1-BCEB-2F46C015B439}.Release|iPhone.Build.0 = Release|Any CPU
		{C0CFE1F9-E2E3-49F1-BCEB-2F46C015B439}.Release|iPhone.Deploy.0 = Release|Any CPU
		{C0CFE1F9-E2E3-49F1-BCEB-2F46C015B439}.Release|iPhoneSimulator.ActiveCfg = Release|Any CPU
		{C0CFE1F9-E2E3-49F1-BCEB-2F46C015B439}.Release|iPhoneSimulator.Build.0 = Release|Any CPU
		{C0CFE1F9-E2E3-49F1-BCEB-2F46C015B439}.Release|iPhoneSimulator.Deploy.0 = Release|Any CPU
		{C0CFE1F9-E2E3-49F1-BCEB-2F46C015B439}.Release|Mixed Platforms.ActiveCfg = Release|x86
		{C0CFE1F9-E2E3-49F1-BCEB-2F46C015B439}.Release|Mixed Platforms.Build.0 = Release|x86
		{C0CFE1F9-E2E3-49F1-BCEB-2F46C015B439}.Release|Mixed Platforms.Deploy.0 = Release|x86
		{C0CFE1F9-E2E3-49F1-BCEB-2F46C015B439}.Release|x64.ActiveCfg = Release|x64
		{C0CFE1F9-E2E3-49F1-BCEB-2F46C015B439}.Release|x64.Build.0 = Release|x64
		{C0CFE1F9-E2E3-49F1-BCEB-2F46C015B439}.Release|x64.Deploy.0 = Release|x64
		{C0CFE1F9-E2E3-49F1-BCEB-2F46C015B439}.Release|x86.ActiveCfg = Release|x86
		{C0CFE1F9-E2E3-49F1-BCEB-2F46C015B439}.Release|x86.Build.0 = Release|x86
		{C0CFE1F9-E2E3-49F1-BCEB-2F46C015B439}.Release|x86.Deploy.0 = Release|x86
		{9F2EAD71-CA2E-4ACE-81D6-EA9023580B03}.Debug|Any CPU.ActiveCfg = Debug|Any CPU
		{9F2EAD71-CA2E-4ACE-81D6-EA9023580B03}.Debug|Any CPU.Build.0 = Debug|Any CPU
		{9F2EAD71-CA2E-4ACE-81D6-EA9023580B03}.Debug|ARM.ActiveCfg = Debug|Any CPU
		{9F2EAD71-CA2E-4ACE-81D6-EA9023580B03}.Debug|iPhone.ActiveCfg = Debug|Any CPU
		{9F2EAD71-CA2E-4ACE-81D6-EA9023580B03}.Debug|iPhone.Build.0 = Debug|Any CPU
		{9F2EAD71-CA2E-4ACE-81D6-EA9023580B03}.Debug|iPhoneSimulator.ActiveCfg = Debug|Any CPU
		{9F2EAD71-CA2E-4ACE-81D6-EA9023580B03}.Debug|iPhoneSimulator.Build.0 = Debug|Any CPU
		{9F2EAD71-CA2E-4ACE-81D6-EA9023580B03}.Debug|Mixed Platforms.ActiveCfg = Debug|Any CPU
		{9F2EAD71-CA2E-4ACE-81D6-EA9023580B03}.Debug|Mixed Platforms.Build.0 = Debug|Any CPU
		{9F2EAD71-CA2E-4ACE-81D6-EA9023580B03}.Debug|x64.ActiveCfg = Debug|Any CPU
		{9F2EAD71-CA2E-4ACE-81D6-EA9023580B03}.Debug|x86.ActiveCfg = Debug|Any CPU
		{9F2EAD71-CA2E-4ACE-81D6-EA9023580B03}.Release|Any CPU.ActiveCfg = Release|Any CPU
		{9F2EAD71-CA2E-4ACE-81D6-EA9023580B03}.Release|Any CPU.Build.0 = Release|Any CPU
		{9F2EAD71-CA2E-4ACE-81D6-EA9023580B03}.Release|ARM.ActiveCfg = Release|Any CPU
		{9F2EAD71-CA2E-4ACE-81D6-EA9023580B03}.Release|iPhone.ActiveCfg = Release|Any CPU
		{9F2EAD71-CA2E-4ACE-81D6-EA9023580B03}.Release|iPhone.Build.0 = Release|Any CPU
		{9F2EAD71-CA2E-4ACE-81D6-EA9023580B03}.Release|iPhoneSimulator.ActiveCfg = Release|Any CPU
		{9F2EAD71-CA2E-4ACE-81D6-EA9023580B03}.Release|iPhoneSimulator.Build.0 = Release|Any CPU
		{9F2EAD71-CA2E-4ACE-81D6-EA9023580B03}.Release|Mixed Platforms.ActiveCfg = Release|Any CPU
		{9F2EAD71-CA2E-4ACE-81D6-EA9023580B03}.Release|Mixed Platforms.Build.0 = Release|Any CPU
		{9F2EAD71-CA2E-4ACE-81D6-EA9023580B03}.Release|x64.ActiveCfg = Release|Any CPU
		{9F2EAD71-CA2E-4ACE-81D6-EA9023580B03}.Release|x86.ActiveCfg = Release|Any CPU
		{831C4224-F960-482D-BAD9-3FAAAAFBBD44}.Debug|Any CPU.ActiveCfg = Debug|Any CPU
		{831C4224-F960-482D-BAD9-3FAAAAFBBD44}.Debug|Any CPU.Build.0 = Debug|Any CPU
		{831C4224-F960-482D-BAD9-3FAAAAFBBD44}.Debug|Any CPU.Deploy.0 = Debug|Any CPU
		{831C4224-F960-482D-BAD9-3FAAAAFBBD44}.Debug|ARM.ActiveCfg = Debug|ARM
		{831C4224-F960-482D-BAD9-3FAAAAFBBD44}.Debug|ARM.Build.0 = Debug|ARM
		{831C4224-F960-482D-BAD9-3FAAAAFBBD44}.Debug|ARM.Deploy.0 = Debug|ARM
		{831C4224-F960-482D-BAD9-3FAAAAFBBD44}.Debug|iPhone.ActiveCfg = Debug|Any CPU
		{831C4224-F960-482D-BAD9-3FAAAAFBBD44}.Debug|iPhone.Build.0 = Debug|Any CPU
		{831C4224-F960-482D-BAD9-3FAAAAFBBD44}.Debug|iPhone.Deploy.0 = Debug|Any CPU
		{831C4224-F960-482D-BAD9-3FAAAAFBBD44}.Debug|iPhoneSimulator.ActiveCfg = Debug|Any CPU
		{831C4224-F960-482D-BAD9-3FAAAAFBBD44}.Debug|iPhoneSimulator.Build.0 = Debug|Any CPU
		{831C4224-F960-482D-BAD9-3FAAAAFBBD44}.Debug|iPhoneSimulator.Deploy.0 = Debug|Any CPU
		{831C4224-F960-482D-BAD9-3FAAAAFBBD44}.Debug|Mixed Platforms.ActiveCfg = Debug|x86
		{831C4224-F960-482D-BAD9-3FAAAAFBBD44}.Debug|Mixed Platforms.Build.0 = Debug|x86
		{831C4224-F960-482D-BAD9-3FAAAAFBBD44}.Debug|Mixed Platforms.Deploy.0 = Debug|x86
		{831C4224-F960-482D-BAD9-3FAAAAFBBD44}.Debug|x64.ActiveCfg = Debug|x64
		{831C4224-F960-482D-BAD9-3FAAAAFBBD44}.Debug|x64.Build.0 = Debug|x64
		{831C4224-F960-482D-BAD9-3FAAAAFBBD44}.Debug|x64.Deploy.0 = Debug|x64
		{831C4224-F960-482D-BAD9-3FAAAAFBBD44}.Debug|x86.ActiveCfg = Debug|x86
		{831C4224-F960-482D-BAD9-3FAAAAFBBD44}.Debug|x86.Build.0 = Debug|x86
		{831C4224-F960-482D-BAD9-3FAAAAFBBD44}.Debug|x86.Deploy.0 = Debug|x86
		{831C4224-F960-482D-BAD9-3FAAAAFBBD44}.Release|Any CPU.ActiveCfg = Release|Any CPU
		{831C4224-F960-482D-BAD9-3FAAAAFBBD44}.Release|Any CPU.Build.0 = Release|Any CPU
		{831C4224-F960-482D-BAD9-3FAAAAFBBD44}.Release|Any CPU.Deploy.0 = Release|Any CPU
		{831C4224-F960-482D-BAD9-3FAAAAFBBD44}.Release|ARM.ActiveCfg = Release|ARM
		{831C4224-F960-482D-BAD9-3FAAAAFBBD44}.Release|ARM.Build.0 = Release|ARM
		{831C4224-F960-482D-BAD9-3FAAAAFBBD44}.Release|ARM.Deploy.0 = Release|ARM
		{831C4224-F960-482D-BAD9-3FAAAAFBBD44}.Release|iPhone.ActiveCfg = Release|Any CPU
		{831C4224-F960-482D-BAD9-3FAAAAFBBD44}.Release|iPhone.Build.0 = Release|Any CPU
		{831C4224-F960-482D-BAD9-3FAAAAFBBD44}.Release|iPhone.Deploy.0 = Release|Any CPU
		{831C4224-F960-482D-BAD9-3FAAAAFBBD44}.Release|iPhoneSimulator.ActiveCfg = Release|Any CPU
		{831C4224-F960-482D-BAD9-3FAAAAFBBD44}.Release|iPhoneSimulator.Build.0 = Release|Any CPU
		{831C4224-F960-482D-BAD9-3FAAAAFBBD44}.Release|iPhoneSimulator.Deploy.0 = Release|Any CPU
		{831C4224-F960-482D-BAD9-3FAAAAFBBD44}.Release|Mixed Platforms.ActiveCfg = Release|x86
		{831C4224-F960-482D-BAD9-3FAAAAFBBD44}.Release|Mixed Platforms.Build.0 = Release|x86
		{831C4224-F960-482D-BAD9-3FAAAAFBBD44}.Release|Mixed Platforms.Deploy.0 = Release|x86
		{831C4224-F960-482D-BAD9-3FAAAAFBBD44}.Release|x64.ActiveCfg = Release|x64
		{831C4224-F960-482D-BAD9-3FAAAAFBBD44}.Release|x64.Build.0 = Release|x64
		{831C4224-F960-482D-BAD9-3FAAAAFBBD44}.Release|x64.Deploy.0 = Release|x64
		{831C4224-F960-482D-BAD9-3FAAAAFBBD44}.Release|x86.ActiveCfg = Release|x86
		{831C4224-F960-482D-BAD9-3FAAAAFBBD44}.Release|x86.Build.0 = Release|x86
		{831C4224-F960-482D-BAD9-3FAAAAFBBD44}.Release|x86.Deploy.0 = Release|x86
		{E400992A-F3C6-4828-A996-C3C72CE793BF}.Debug|Any CPU.ActiveCfg = Debug|Any CPU
		{E400992A-F3C6-4828-A996-C3C72CE793BF}.Debug|Any CPU.Build.0 = Debug|Any CPU
		{E400992A-F3C6-4828-A996-C3C72CE793BF}.Debug|ARM.ActiveCfg = Debug|ARM
		{E400992A-F3C6-4828-A996-C3C72CE793BF}.Debug|ARM.Build.0 = Debug|ARM
		{E400992A-F3C6-4828-A996-C3C72CE793BF}.Debug|iPhone.ActiveCfg = Debug|Any CPU
		{E400992A-F3C6-4828-A996-C3C72CE793BF}.Debug|iPhone.Build.0 = Debug|Any CPU
		{E400992A-F3C6-4828-A996-C3C72CE793BF}.Debug|iPhoneSimulator.ActiveCfg = Debug|Any CPU
		{E400992A-F3C6-4828-A996-C3C72CE793BF}.Debug|iPhoneSimulator.Build.0 = Debug|Any CPU
		{E400992A-F3C6-4828-A996-C3C72CE793BF}.Debug|Mixed Platforms.ActiveCfg = Debug|Any CPU
		{E400992A-F3C6-4828-A996-C3C72CE793BF}.Debug|Mixed Platforms.Build.0 = Debug|Any CPU
		{E400992A-F3C6-4828-A996-C3C72CE793BF}.Debug|x64.ActiveCfg = Debug|x64
		{E400992A-F3C6-4828-A996-C3C72CE793BF}.Debug|x64.Build.0 = Debug|x64
		{E400992A-F3C6-4828-A996-C3C72CE793BF}.Debug|x86.ActiveCfg = Debug|x86
		{E400992A-F3C6-4828-A996-C3C72CE793BF}.Debug|x86.Build.0 = Debug|x86
		{E400992A-F3C6-4828-A996-C3C72CE793BF}.Release|Any CPU.ActiveCfg = Release|Any CPU
		{E400992A-F3C6-4828-A996-C3C72CE793BF}.Release|Any CPU.Build.0 = Release|Any CPU
		{E400992A-F3C6-4828-A996-C3C72CE793BF}.Release|ARM.ActiveCfg = Release|ARM
		{E400992A-F3C6-4828-A996-C3C72CE793BF}.Release|ARM.Build.0 = Release|ARM
		{E400992A-F3C6-4828-A996-C3C72CE793BF}.Release|iPhone.ActiveCfg = Release|Any CPU
		{E400992A-F3C6-4828-A996-C3C72CE793BF}.Release|iPhone.Build.0 = Release|Any CPU
		{E400992A-F3C6-4828-A996-C3C72CE793BF}.Release|iPhoneSimulator.ActiveCfg = Release|Any CPU
		{E400992A-F3C6-4828-A996-C3C72CE793BF}.Release|iPhoneSimulator.Build.0 = Release|Any CPU
		{E400992A-F3C6-4828-A996-C3C72CE793BF}.Release|Mixed Platforms.ActiveCfg = Release|Any CPU
		{E400992A-F3C6-4828-A996-C3C72CE793BF}.Release|Mixed Platforms.Build.0 = Release|Any CPU
		{E400992A-F3C6-4828-A996-C3C72CE793BF}.Release|x64.ActiveCfg = Release|x64
		{E400992A-F3C6-4828-A996-C3C72CE793BF}.Release|x64.Build.0 = Release|x64
		{E400992A-F3C6-4828-A996-C3C72CE793BF}.Release|x86.ActiveCfg = Release|x86
		{E400992A-F3C6-4828-A996-C3C72CE793BF}.Release|x86.Build.0 = Release|x86
		{608612D2-940C-425E-8912-BA25919DA7BD}.Debug|Any CPU.ActiveCfg = Debug|Any CPU
		{608612D2-940C-425E-8912-BA25919DA7BD}.Debug|Any CPU.Build.0 = Debug|Any CPU
		{608612D2-940C-425E-8912-BA25919DA7BD}.Debug|ARM.ActiveCfg = Debug|ARM
		{608612D2-940C-425E-8912-BA25919DA7BD}.Debug|ARM.Build.0 = Debug|ARM
		{608612D2-940C-425E-8912-BA25919DA7BD}.Debug|iPhone.ActiveCfg = Debug|Any CPU
		{608612D2-940C-425E-8912-BA25919DA7BD}.Debug|iPhone.Build.0 = Debug|Any CPU
		{608612D2-940C-425E-8912-BA25919DA7BD}.Debug|iPhoneSimulator.ActiveCfg = Debug|Any CPU
		{608612D2-940C-425E-8912-BA25919DA7BD}.Debug|iPhoneSimulator.Build.0 = Debug|Any CPU
		{608612D2-940C-425E-8912-BA25919DA7BD}.Debug|Mixed Platforms.ActiveCfg = Debug|Any CPU
		{608612D2-940C-425E-8912-BA25919DA7BD}.Debug|Mixed Platforms.Build.0 = Debug|Any CPU
		{608612D2-940C-425E-8912-BA25919DA7BD}.Debug|x64.ActiveCfg = Debug|Any CPU
		{608612D2-940C-425E-8912-BA25919DA7BD}.Debug|x86.ActiveCfg = Debug|x86
		{608612D2-940C-425E-8912-BA25919DA7BD}.Debug|x86.Build.0 = Debug|x86
		{608612D2-940C-425E-8912-BA25919DA7BD}.Release|Any CPU.ActiveCfg = Release|Any CPU
		{608612D2-940C-425E-8912-BA25919DA7BD}.Release|Any CPU.Build.0 = Release|Any CPU
		{608612D2-940C-425E-8912-BA25919DA7BD}.Release|ARM.ActiveCfg = Release|ARM
		{608612D2-940C-425E-8912-BA25919DA7BD}.Release|ARM.Build.0 = Release|ARM
		{608612D2-940C-425E-8912-BA25919DA7BD}.Release|iPhone.ActiveCfg = Release|Any CPU
		{608612D2-940C-425E-8912-BA25919DA7BD}.Release|iPhone.Build.0 = Release|Any CPU
		{608612D2-940C-425E-8912-BA25919DA7BD}.Release|iPhoneSimulator.ActiveCfg = Release|Any CPU
		{608612D2-940C-425E-8912-BA25919DA7BD}.Release|iPhoneSimulator.Build.0 = Release|Any CPU
		{608612D2-940C-425E-8912-BA25919DA7BD}.Release|Mixed Platforms.ActiveCfg = Release|Any CPU
		{608612D2-940C-425E-8912-BA25919DA7BD}.Release|Mixed Platforms.Build.0 = Release|Any CPU
		{608612D2-940C-425E-8912-BA25919DA7BD}.Release|x64.ActiveCfg = Release|Any CPU
		{608612D2-940C-425E-8912-BA25919DA7BD}.Release|x86.ActiveCfg = Release|x86
		{608612D2-940C-425E-8912-BA25919DA7BD}.Release|x86.Build.0 = Release|x86
		{991F0C48-3F70-441B-8DBF-DEEF3D66081C}.Debug|Any CPU.ActiveCfg = Debug|x86
		{991F0C48-3F70-441B-8DBF-DEEF3D66081C}.Debug|ARM.ActiveCfg = Debug|ARM
		{991F0C48-3F70-441B-8DBF-DEEF3D66081C}.Debug|ARM.Build.0 = Debug|ARM
		{991F0C48-3F70-441B-8DBF-DEEF3D66081C}.Debug|ARM.Deploy.0 = Debug|ARM
		{991F0C48-3F70-441B-8DBF-DEEF3D66081C}.Debug|iPhone.ActiveCfg = Debug|x86
		{991F0C48-3F70-441B-8DBF-DEEF3D66081C}.Debug|iPhoneSimulator.ActiveCfg = Debug|x86
		{991F0C48-3F70-441B-8DBF-DEEF3D66081C}.Debug|Mixed Platforms.ActiveCfg = Debug|x86
		{991F0C48-3F70-441B-8DBF-DEEF3D66081C}.Debug|Mixed Platforms.Build.0 = Debug|x86
		{991F0C48-3F70-441B-8DBF-DEEF3D66081C}.Debug|Mixed Platforms.Deploy.0 = Debug|x86
		{991F0C48-3F70-441B-8DBF-DEEF3D66081C}.Debug|x64.ActiveCfg = Debug|x86
		{991F0C48-3F70-441B-8DBF-DEEF3D66081C}.Debug|x86.ActiveCfg = Debug|x86
		{991F0C48-3F70-441B-8DBF-DEEF3D66081C}.Debug|x86.Build.0 = Debug|x86
		{991F0C48-3F70-441B-8DBF-DEEF3D66081C}.Debug|x86.Deploy.0 = Debug|x86
		{991F0C48-3F70-441B-8DBF-DEEF3D66081C}.Release|Any CPU.ActiveCfg = Release|x86
		{991F0C48-3F70-441B-8DBF-DEEF3D66081C}.Release|ARM.ActiveCfg = Release|ARM
		{991F0C48-3F70-441B-8DBF-DEEF3D66081C}.Release|ARM.Build.0 = Release|ARM
		{991F0C48-3F70-441B-8DBF-DEEF3D66081C}.Release|ARM.Deploy.0 = Release|ARM
		{991F0C48-3F70-441B-8DBF-DEEF3D66081C}.Release|iPhone.ActiveCfg = Release|x86
		{991F0C48-3F70-441B-8DBF-DEEF3D66081C}.Release|iPhoneSimulator.ActiveCfg = Release|x86
		{991F0C48-3F70-441B-8DBF-DEEF3D66081C}.Release|Mixed Platforms.ActiveCfg = Release|x86
		{991F0C48-3F70-441B-8DBF-DEEF3D66081C}.Release|Mixed Platforms.Build.0 = Release|x86
		{991F0C48-3F70-441B-8DBF-DEEF3D66081C}.Release|Mixed Platforms.Deploy.0 = Release|x86
		{991F0C48-3F70-441B-8DBF-DEEF3D66081C}.Release|x64.ActiveCfg = Release|x86
		{991F0C48-3F70-441B-8DBF-DEEF3D66081C}.Release|x86.ActiveCfg = Release|x86
		{991F0C48-3F70-441B-8DBF-DEEF3D66081C}.Release|x86.Build.0 = Release|x86
		{991F0C48-3F70-441B-8DBF-DEEF3D66081C}.Release|x86.Deploy.0 = Release|x86
		{B929FFC8-CA0D-43FD-A95B-8E454CCD7133}.Debug|Any CPU.ActiveCfg = Debug|Any CPU
		{B929FFC8-CA0D-43FD-A95B-8E454CCD7133}.Debug|Any CPU.Build.0 = Debug|Any CPU
		{B929FFC8-CA0D-43FD-A95B-8E454CCD7133}.Debug|ARM.ActiveCfg = Debug|Any CPU
		{B929FFC8-CA0D-43FD-A95B-8E454CCD7133}.Debug|iPhone.ActiveCfg = Debug|Any CPU
		{B929FFC8-CA0D-43FD-A95B-8E454CCD7133}.Debug|iPhone.Build.0 = Debug|Any CPU
		{B929FFC8-CA0D-43FD-A95B-8E454CCD7133}.Debug|iPhoneSimulator.ActiveCfg = Debug|Any CPU
		{B929FFC8-CA0D-43FD-A95B-8E454CCD7133}.Debug|iPhoneSimulator.Build.0 = Debug|Any CPU
		{B929FFC8-CA0D-43FD-A95B-8E454CCD7133}.Debug|Mixed Platforms.ActiveCfg = Debug|Any CPU
		{B929FFC8-CA0D-43FD-A95B-8E454CCD7133}.Debug|Mixed Platforms.Build.0 = Debug|Any CPU
		{B929FFC8-CA0D-43FD-A95B-8E454CCD7133}.Debug|x64.ActiveCfg = Debug|Any CPU
		{B929FFC8-CA0D-43FD-A95B-8E454CCD7133}.Debug|x86.ActiveCfg = Debug|Any CPU
		{B929FFC8-CA0D-43FD-A95B-8E454CCD7133}.Release|Any CPU.ActiveCfg = Release|Any CPU
		{B929FFC8-CA0D-43FD-A95B-8E454CCD7133}.Release|Any CPU.Build.0 = Release|Any CPU
		{B929FFC8-CA0D-43FD-A95B-8E454CCD7133}.Release|ARM.ActiveCfg = Release|Any CPU
		{B929FFC8-CA0D-43FD-A95B-8E454CCD7133}.Release|iPhone.ActiveCfg = Release|Any CPU
		{B929FFC8-CA0D-43FD-A95B-8E454CCD7133}.Release|iPhone.Build.0 = Release|Any CPU
		{B929FFC8-CA0D-43FD-A95B-8E454CCD7133}.Release|iPhoneSimulator.ActiveCfg = Release|Any CPU
		{B929FFC8-CA0D-43FD-A95B-8E454CCD7133}.Release|iPhoneSimulator.Build.0 = Release|Any CPU
		{B929FFC8-CA0D-43FD-A95B-8E454CCD7133}.Release|Mixed Platforms.ActiveCfg = Release|Any CPU
		{B929FFC8-CA0D-43FD-A95B-8E454CCD7133}.Release|Mixed Platforms.Build.0 = Release|Any CPU
		{B929FFC8-CA0D-43FD-A95B-8E454CCD7133}.Release|x64.ActiveCfg = Release|Any CPU
		{B929FFC8-CA0D-43FD-A95B-8E454CCD7133}.Release|x86.ActiveCfg = Release|Any CPU
		{B3C9B85A-A54E-4ABF-A552-5CF6D8DDB57F}.Debug|Any CPU.ActiveCfg = Debug|Any CPU
		{B3C9B85A-A54E-4ABF-A552-5CF6D8DDB57F}.Debug|Any CPU.Build.0 = Debug|Any CPU
		{B3C9B85A-A54E-4ABF-A552-5CF6D8DDB57F}.Debug|ARM.ActiveCfg = Debug|Any CPU
		{B3C9B85A-A54E-4ABF-A552-5CF6D8DDB57F}.Debug|iPhone.ActiveCfg = Debug|Any CPU
		{B3C9B85A-A54E-4ABF-A552-5CF6D8DDB57F}.Debug|iPhone.Build.0 = Debug|Any CPU
		{B3C9B85A-A54E-4ABF-A552-5CF6D8DDB57F}.Debug|iPhoneSimulator.ActiveCfg = Debug|Any CPU
		{B3C9B85A-A54E-4ABF-A552-5CF6D8DDB57F}.Debug|iPhoneSimulator.Build.0 = Debug|Any CPU
		{B3C9B85A-A54E-4ABF-A552-5CF6D8DDB57F}.Debug|Mixed Platforms.ActiveCfg = Debug|Any CPU
		{B3C9B85A-A54E-4ABF-A552-5CF6D8DDB57F}.Debug|Mixed Platforms.Build.0 = Debug|Any CPU
		{B3C9B85A-A54E-4ABF-A552-5CF6D8DDB57F}.Debug|x64.ActiveCfg = Debug|Any CPU
		{B3C9B85A-A54E-4ABF-A552-5CF6D8DDB57F}.Debug|x86.ActiveCfg = Debug|Any CPU
		{B3C9B85A-A54E-4ABF-A552-5CF6D8DDB57F}.Release|Any CPU.ActiveCfg = Release|Any CPU
		{B3C9B85A-A54E-4ABF-A552-5CF6D8DDB57F}.Release|Any CPU.Build.0 = Release|Any CPU
		{B3C9B85A-A54E-4ABF-A552-5CF6D8DDB57F}.Release|ARM.ActiveCfg = Release|Any CPU
		{B3C9B85A-A54E-4ABF-A552-5CF6D8DDB57F}.Release|iPhone.ActiveCfg = Release|Any CPU
		{B3C9B85A-A54E-4ABF-A552-5CF6D8DDB57F}.Release|iPhone.Build.0 = Release|Any CPU
		{B3C9B85A-A54E-4ABF-A552-5CF6D8DDB57F}.Release|iPhoneSimulator.ActiveCfg = Release|Any CPU
		{B3C9B85A-A54E-4ABF-A552-5CF6D8DDB57F}.Release|iPhoneSimulator.Build.0 = Release|Any CPU
		{B3C9B85A-A54E-4ABF-A552-5CF6D8DDB57F}.Release|Mixed Platforms.ActiveCfg = Release|Any CPU
		{B3C9B85A-A54E-4ABF-A552-5CF6D8DDB57F}.Release|Mixed Platforms.Build.0 = Release|Any CPU
		{B3C9B85A-A54E-4ABF-A552-5CF6D8DDB57F}.Release|x64.ActiveCfg = Release|Any CPU
		{B3C9B85A-A54E-4ABF-A552-5CF6D8DDB57F}.Release|x86.ActiveCfg = Release|Any CPU
		{B60E2980-845E-40E0-A623-F8558765F9FA}.Debug|Any CPU.ActiveCfg = Debug|Any CPU
		{B60E2980-845E-40E0-A623-F8558765F9FA}.Debug|Any CPU.Build.0 = Debug|Any CPU
		{B60E2980-845E-40E0-A623-F8558765F9FA}.Debug|ARM.ActiveCfg = Debug|Any CPU
		{B60E2980-845E-40E0-A623-F8558765F9FA}.Debug|iPhone.ActiveCfg = Debug|Any CPU
		{B60E2980-845E-40E0-A623-F8558765F9FA}.Debug|iPhone.Build.0 = Debug|Any CPU
		{B60E2980-845E-40E0-A623-F8558765F9FA}.Debug|iPhoneSimulator.ActiveCfg = Debug|Any CPU
		{B60E2980-845E-40E0-A623-F8558765F9FA}.Debug|iPhoneSimulator.Build.0 = Debug|Any CPU
		{B60E2980-845E-40E0-A623-F8558765F9FA}.Debug|Mixed Platforms.ActiveCfg = Debug|Any CPU
		{B60E2980-845E-40E0-A623-F8558765F9FA}.Debug|Mixed Platforms.Build.0 = Debug|Any CPU
		{B60E2980-845E-40E0-A623-F8558765F9FA}.Debug|x64.ActiveCfg = Debug|Any CPU
		{B60E2980-845E-40E0-A623-F8558765F9FA}.Debug|x86.ActiveCfg = Debug|Any CPU
		{B60E2980-845E-40E0-A623-F8558765F9FA}.Release|Any CPU.ActiveCfg = Release|Any CPU
		{B60E2980-845E-40E0-A623-F8558765F9FA}.Release|Any CPU.Build.0 = Release|Any CPU
		{B60E2980-845E-40E0-A623-F8558765F9FA}.Release|ARM.ActiveCfg = Release|Any CPU
		{B60E2980-845E-40E0-A623-F8558765F9FA}.Release|iPhone.ActiveCfg = Release|Any CPU
		{B60E2980-845E-40E0-A623-F8558765F9FA}.Release|iPhone.Build.0 = Release|Any CPU
		{B60E2980-845E-40E0-A623-F8558765F9FA}.Release|iPhoneSimulator.ActiveCfg = Release|Any CPU
		{B60E2980-845E-40E0-A623-F8558765F9FA}.Release|iPhoneSimulator.Build.0 = Release|Any CPU
		{B60E2980-845E-40E0-A623-F8558765F9FA}.Release|Mixed Platforms.ActiveCfg = Release|Any CPU
		{B60E2980-845E-40E0-A623-F8558765F9FA}.Release|Mixed Platforms.Build.0 = Release|Any CPU
		{B60E2980-845E-40E0-A623-F8558765F9FA}.Release|x64.ActiveCfg = Release|Any CPU
		{B60E2980-845E-40E0-A623-F8558765F9FA}.Release|x86.ActiveCfg = Release|Any CPU
		{C2CEB5C6-43D2-45A0-B4C4-B196ECE86F62}.Debug|Any CPU.ActiveCfg = Debug|Any CPU
		{C2CEB5C6-43D2-45A0-B4C4-B196ECE86F62}.Debug|Any CPU.Build.0 = Debug|Any CPU
		{C2CEB5C6-43D2-45A0-B4C4-B196ECE86F62}.Debug|ARM.ActiveCfg = Debug|ARM
		{C2CEB5C6-43D2-45A0-B4C4-B196ECE86F62}.Debug|ARM.Build.0 = Debug|ARM
		{C2CEB5C6-43D2-45A0-B4C4-B196ECE86F62}.Debug|iPhone.ActiveCfg = Debug|Any CPU
		{C2CEB5C6-43D2-45A0-B4C4-B196ECE86F62}.Debug|iPhone.Build.0 = Debug|Any CPU
		{C2CEB5C6-43D2-45A0-B4C4-B196ECE86F62}.Debug|iPhoneSimulator.ActiveCfg = Debug|Any CPU
		{C2CEB5C6-43D2-45A0-B4C4-B196ECE86F62}.Debug|iPhoneSimulator.Build.0 = Debug|Any CPU
		{C2CEB5C6-43D2-45A0-B4C4-B196ECE86F62}.Debug|Mixed Platforms.ActiveCfg = Debug|Any CPU
		{C2CEB5C6-43D2-45A0-B4C4-B196ECE86F62}.Debug|Mixed Platforms.Build.0 = Debug|Any CPU
		{C2CEB5C6-43D2-45A0-B4C4-B196ECE86F62}.Debug|x64.ActiveCfg = Debug|Any CPU
		{C2CEB5C6-43D2-45A0-B4C4-B196ECE86F62}.Debug|x86.ActiveCfg = Debug|x86
		{C2CEB5C6-43D2-45A0-B4C4-B196ECE86F62}.Debug|x86.Build.0 = Debug|x86
		{C2CEB5C6-43D2-45A0-B4C4-B196ECE86F62}.Release|Any CPU.ActiveCfg = Release|Any CPU
		{C2CEB5C6-43D2-45A0-B4C4-B196ECE86F62}.Release|Any CPU.Build.0 = Release|Any CPU
		{C2CEB5C6-43D2-45A0-B4C4-B196ECE86F62}.Release|ARM.ActiveCfg = Release|ARM
		{C2CEB5C6-43D2-45A0-B4C4-B196ECE86F62}.Release|ARM.Build.0 = Release|ARM
		{C2CEB5C6-43D2-45A0-B4C4-B196ECE86F62}.Release|iPhone.ActiveCfg = Release|Any CPU
		{C2CEB5C6-43D2-45A0-B4C4-B196ECE86F62}.Release|iPhone.Build.0 = Release|Any CPU
		{C2CEB5C6-43D2-45A0-B4C4-B196ECE86F62}.Release|iPhoneSimulator.ActiveCfg = Release|Any CPU
		{C2CEB5C6-43D2-45A0-B4C4-B196ECE86F62}.Release|iPhoneSimulator.Build.0 = Release|Any CPU
		{C2CEB5C6-43D2-45A0-B4C4-B196ECE86F62}.Release|Mixed Platforms.ActiveCfg = Release|Any CPU
		{C2CEB5C6-43D2-45A0-B4C4-B196ECE86F62}.Release|Mixed Platforms.Build.0 = Release|Any CPU
		{C2CEB5C6-43D2-45A0-B4C4-B196ECE86F62}.Release|x64.ActiveCfg = Release|Any CPU
		{C2CEB5C6-43D2-45A0-B4C4-B196ECE86F62}.Release|x86.ActiveCfg = Release|x86
		{C2CEB5C6-43D2-45A0-B4C4-B196ECE86F62}.Release|x86.Build.0 = Release|x86
		{C8231912-EAC7-4E71-9E5D-4B51869A1BA2}.Debug|Any CPU.ActiveCfg = Debug|iPhoneSimulator
		{C8231912-EAC7-4E71-9E5D-4B51869A1BA2}.Debug|ARM.ActiveCfg = Debug|iPhone
		{C8231912-EAC7-4E71-9E5D-4B51869A1BA2}.Debug|iPhone.ActiveCfg = Debug|iPhone
		{C8231912-EAC7-4E71-9E5D-4B51869A1BA2}.Debug|iPhone.Build.0 = Debug|iPhone
		{C8231912-EAC7-4E71-9E5D-4B51869A1BA2}.Debug|iPhoneSimulator.ActiveCfg = Debug|iPhoneSimulator
		{C8231912-EAC7-4E71-9E5D-4B51869A1BA2}.Debug|iPhoneSimulator.Build.0 = Debug|iPhoneSimulator
		{C8231912-EAC7-4E71-9E5D-4B51869A1BA2}.Debug|Mixed Platforms.ActiveCfg = Debug|iPhone
		{C8231912-EAC7-4E71-9E5D-4B51869A1BA2}.Debug|x64.ActiveCfg = Debug|iPhone
		{C8231912-EAC7-4E71-9E5D-4B51869A1BA2}.Debug|x86.ActiveCfg = Debug|iPhone
		{C8231912-EAC7-4E71-9E5D-4B51869A1BA2}.Release|Any CPU.ActiveCfg = Release|iPhoneSimulator
		{C8231912-EAC7-4E71-9E5D-4B51869A1BA2}.Release|ARM.ActiveCfg = Release|iPhone
		{C8231912-EAC7-4E71-9E5D-4B51869A1BA2}.Release|iPhone.ActiveCfg = Release|iPhone
		{C8231912-EAC7-4E71-9E5D-4B51869A1BA2}.Release|iPhone.Build.0 = Release|iPhone
		{C8231912-EAC7-4E71-9E5D-4B51869A1BA2}.Release|iPhoneSimulator.ActiveCfg = Release|iPhoneSimulator
		{C8231912-EAC7-4E71-9E5D-4B51869A1BA2}.Release|iPhoneSimulator.Build.0 = Release|iPhoneSimulator
		{C8231912-EAC7-4E71-9E5D-4B51869A1BA2}.Release|Mixed Platforms.ActiveCfg = Release|iPhone
		{C8231912-EAC7-4E71-9E5D-4B51869A1BA2}.Release|x64.ActiveCfg = Release|iPhone
		{C8231912-EAC7-4E71-9E5D-4B51869A1BA2}.Release|x86.ActiveCfg = Release|iPhone
		{A2D57852-C9D4-4357-84FC-C15881711DD1}.Debug|Any CPU.ActiveCfg = Debug|iPhoneSimulator
		{A2D57852-C9D4-4357-84FC-C15881711DD1}.Debug|ARM.ActiveCfg = Debug|iPhone
		{A2D57852-C9D4-4357-84FC-C15881711DD1}.Debug|iPhone.ActiveCfg = Debug|iPhone
		{A2D57852-C9D4-4357-84FC-C15881711DD1}.Debug|iPhone.Build.0 = Debug|iPhone
		{A2D57852-C9D4-4357-84FC-C15881711DD1}.Debug|iPhoneSimulator.ActiveCfg = Debug|iPhoneSimulator
		{A2D57852-C9D4-4357-84FC-C15881711DD1}.Debug|iPhoneSimulator.Build.0 = Debug|iPhoneSimulator
		{A2D57852-C9D4-4357-84FC-C15881711DD1}.Debug|Mixed Platforms.ActiveCfg = Debug|iPhone
		{A2D57852-C9D4-4357-84FC-C15881711DD1}.Debug|x64.ActiveCfg = Debug|iPhone
		{A2D57852-C9D4-4357-84FC-C15881711DD1}.Debug|x86.ActiveCfg = Debug|iPhone
		{A2D57852-C9D4-4357-84FC-C15881711DD1}.Release|Any CPU.ActiveCfg = Release|iPhoneSimulator
		{A2D57852-C9D4-4357-84FC-C15881711DD1}.Release|ARM.ActiveCfg = Release|iPhone
		{A2D57852-C9D4-4357-84FC-C15881711DD1}.Release|iPhone.ActiveCfg = Release|iPhone
		{A2D57852-C9D4-4357-84FC-C15881711DD1}.Release|iPhone.Build.0 = Release|iPhone
		{A2D57852-C9D4-4357-84FC-C15881711DD1}.Release|iPhoneSimulator.ActiveCfg = Release|iPhoneSimulator
		{A2D57852-C9D4-4357-84FC-C15881711DD1}.Release|iPhoneSimulator.Build.0 = Release|iPhoneSimulator
		{A2D57852-C9D4-4357-84FC-C15881711DD1}.Release|Mixed Platforms.ActiveCfg = Release|iPhone
		{A2D57852-C9D4-4357-84FC-C15881711DD1}.Release|x64.ActiveCfg = Release|iPhone
		{A2D57852-C9D4-4357-84FC-C15881711DD1}.Release|x86.ActiveCfg = Release|iPhone
		{A4B357DB-6358-4616-BFC9-174087E321F3}.Debug|Any CPU.ActiveCfg = Debug|Any CPU
		{A4B357DB-6358-4616-BFC9-174087E321F3}.Debug|Any CPU.Build.0 = Debug|Any CPU
		{A4B357DB-6358-4616-BFC9-174087E321F3}.Debug|ARM.ActiveCfg = Debug|Any CPU
		{A4B357DB-6358-4616-BFC9-174087E321F3}.Debug|ARM.Build.0 = Debug|Any CPU
		{A4B357DB-6358-4616-BFC9-174087E321F3}.Debug|iPhone.ActiveCfg = Debug|Any CPU
		{A4B357DB-6358-4616-BFC9-174087E321F3}.Debug|iPhone.Build.0 = Debug|Any CPU
		{A4B357DB-6358-4616-BFC9-174087E321F3}.Debug|iPhoneSimulator.ActiveCfg = Debug|Any CPU
		{A4B357DB-6358-4616-BFC9-174087E321F3}.Debug|iPhoneSimulator.Build.0 = Debug|Any CPU
		{A4B357DB-6358-4616-BFC9-174087E321F3}.Debug|Mixed Platforms.ActiveCfg = Debug|Any CPU
		{A4B357DB-6358-4616-BFC9-174087E321F3}.Debug|Mixed Platforms.Build.0 = Debug|Any CPU
		{A4B357DB-6358-4616-BFC9-174087E321F3}.Debug|x64.ActiveCfg = Debug|Any CPU
		{A4B357DB-6358-4616-BFC9-174087E321F3}.Debug|x64.Build.0 = Debug|Any CPU
		{A4B357DB-6358-4616-BFC9-174087E321F3}.Debug|x86.ActiveCfg = Debug|Any CPU
		{A4B357DB-6358-4616-BFC9-174087E321F3}.Debug|x86.Build.0 = Debug|Any CPU
		{A4B357DB-6358-4616-BFC9-174087E321F3}.Release|Any CPU.ActiveCfg = Release|Any CPU
		{A4B357DB-6358-4616-BFC9-174087E321F3}.Release|Any CPU.Build.0 = Release|Any CPU
		{A4B357DB-6358-4616-BFC9-174087E321F3}.Release|ARM.ActiveCfg = Release|Any CPU
		{A4B357DB-6358-4616-BFC9-174087E321F3}.Release|ARM.Build.0 = Release|Any CPU
		{A4B357DB-6358-4616-BFC9-174087E321F3}.Release|iPhone.ActiveCfg = Release|Any CPU
		{A4B357DB-6358-4616-BFC9-174087E321F3}.Release|iPhone.Build.0 = Release|Any CPU
		{A4B357DB-6358-4616-BFC9-174087E321F3}.Release|iPhoneSimulator.ActiveCfg = Release|Any CPU
		{A4B357DB-6358-4616-BFC9-174087E321F3}.Release|iPhoneSimulator.Build.0 = Release|Any CPU
		{A4B357DB-6358-4616-BFC9-174087E321F3}.Release|Mixed Platforms.ActiveCfg = Release|Any CPU
		{A4B357DB-6358-4616-BFC9-174087E321F3}.Release|Mixed Platforms.Build.0 = Release|Any CPU
		{A4B357DB-6358-4616-BFC9-174087E321F3}.Release|x64.ActiveCfg = Release|Any CPU
		{A4B357DB-6358-4616-BFC9-174087E321F3}.Release|x64.Build.0 = Release|Any CPU
		{A4B357DB-6358-4616-BFC9-174087E321F3}.Release|x86.ActiveCfg = Release|Any CPU
		{A4B357DB-6358-4616-BFC9-174087E321F3}.Release|x86.Build.0 = Release|Any CPU
		{31972FC1-987B-4981-B32D-6D60B356DD97}.Debug|Any CPU.ActiveCfg = Debug|Any CPU
		{31972FC1-987B-4981-B32D-6D60B356DD97}.Debug|Any CPU.Build.0 = Debug|Any CPU
		{31972FC1-987B-4981-B32D-6D60B356DD97}.Debug|Any CPU.Deploy.0 = Debug|Any CPU
		{31972FC1-987B-4981-B32D-6D60B356DD97}.Debug|ARM.ActiveCfg = Debug|ARM
		{31972FC1-987B-4981-B32D-6D60B356DD97}.Debug|ARM.Build.0 = Debug|ARM
		{31972FC1-987B-4981-B32D-6D60B356DD97}.Debug|ARM.Deploy.0 = Debug|ARM
		{31972FC1-987B-4981-B32D-6D60B356DD97}.Debug|iPhone.ActiveCfg = Debug|Any CPU
		{31972FC1-987B-4981-B32D-6D60B356DD97}.Debug|iPhone.Build.0 = Debug|Any CPU
		{31972FC1-987B-4981-B32D-6D60B356DD97}.Debug|iPhone.Deploy.0 = Debug|Any CPU
		{31972FC1-987B-4981-B32D-6D60B356DD97}.Debug|iPhoneSimulator.ActiveCfg = Debug|Any CPU
		{31972FC1-987B-4981-B32D-6D60B356DD97}.Debug|iPhoneSimulator.Build.0 = Debug|Any CPU
		{31972FC1-987B-4981-B32D-6D60B356DD97}.Debug|iPhoneSimulator.Deploy.0 = Debug|Any CPU
		{31972FC1-987B-4981-B32D-6D60B356DD97}.Debug|Mixed Platforms.ActiveCfg = Debug|x86
		{31972FC1-987B-4981-B32D-6D60B356DD97}.Debug|Mixed Platforms.Build.0 = Debug|x86
		{31972FC1-987B-4981-B32D-6D60B356DD97}.Debug|Mixed Platforms.Deploy.0 = Debug|x86
		{31972FC1-987B-4981-B32D-6D60B356DD97}.Debug|x64.ActiveCfg = Debug|x64
		{31972FC1-987B-4981-B32D-6D60B356DD97}.Debug|x64.Build.0 = Debug|x64
		{31972FC1-987B-4981-B32D-6D60B356DD97}.Debug|x64.Deploy.0 = Debug|x64
		{31972FC1-987B-4981-B32D-6D60B356DD97}.Debug|x86.ActiveCfg = Debug|x86
		{31972FC1-987B-4981-B32D-6D60B356DD97}.Debug|x86.Build.0 = Debug|x86
		{31972FC1-987B-4981-B32D-6D60B356DD97}.Debug|x86.Deploy.0 = Debug|x86
		{31972FC1-987B-4981-B32D-6D60B356DD97}.Release|Any CPU.ActiveCfg = Release|Any CPU
		{31972FC1-987B-4981-B32D-6D60B356DD97}.Release|Any CPU.Build.0 = Release|Any CPU
		{31972FC1-987B-4981-B32D-6D60B356DD97}.Release|Any CPU.Deploy.0 = Release|Any CPU
		{31972FC1-987B-4981-B32D-6D60B356DD97}.Release|ARM.ActiveCfg = Release|ARM
		{31972FC1-987B-4981-B32D-6D60B356DD97}.Release|ARM.Build.0 = Release|ARM
		{31972FC1-987B-4981-B32D-6D60B356DD97}.Release|ARM.Deploy.0 = Release|ARM
		{31972FC1-987B-4981-B32D-6D60B356DD97}.Release|iPhone.ActiveCfg = Release|Any CPU
		{31972FC1-987B-4981-B32D-6D60B356DD97}.Release|iPhone.Build.0 = Release|Any CPU
		{31972FC1-987B-4981-B32D-6D60B356DD97}.Release|iPhone.Deploy.0 = Release|Any CPU
		{31972FC1-987B-4981-B32D-6D60B356DD97}.Release|iPhoneSimulator.ActiveCfg = Release|Any CPU
		{31972FC1-987B-4981-B32D-6D60B356DD97}.Release|iPhoneSimulator.Build.0 = Release|Any CPU
		{31972FC1-987B-4981-B32D-6D60B356DD97}.Release|iPhoneSimulator.Deploy.0 = Release|Any CPU
		{31972FC1-987B-4981-B32D-6D60B356DD97}.Release|Mixed Platforms.ActiveCfg = Release|x86
		{31972FC1-987B-4981-B32D-6D60B356DD97}.Release|Mixed Platforms.Build.0 = Release|x86
		{31972FC1-987B-4981-B32D-6D60B356DD97}.Release|Mixed Platforms.Deploy.0 = Release|x86
		{31972FC1-987B-4981-B32D-6D60B356DD97}.Release|x64.ActiveCfg = Release|x64
		{31972FC1-987B-4981-B32D-6D60B356DD97}.Release|x64.Build.0 = Release|x64
		{31972FC1-987B-4981-B32D-6D60B356DD97}.Release|x64.Deploy.0 = Release|x64
		{31972FC1-987B-4981-B32D-6D60B356DD97}.Release|x86.ActiveCfg = Release|x86
		{31972FC1-987B-4981-B32D-6D60B356DD97}.Release|x86.Build.0 = Release|x86
		{31972FC1-987B-4981-B32D-6D60B356DD97}.Release|x86.Deploy.0 = Release|x86
		{429EE5FC-46FE-4249-BB40-8DC6D9023A04}.Debug|Any CPU.ActiveCfg = Debug|Any CPU
		{429EE5FC-46FE-4249-BB40-8DC6D9023A04}.Debug|Any CPU.Build.0 = Debug|Any CPU
		{429EE5FC-46FE-4249-BB40-8DC6D9023A04}.Debug|ARM.ActiveCfg = Debug|ARM
		{429EE5FC-46FE-4249-BB40-8DC6D9023A04}.Debug|ARM.Build.0 = Debug|ARM
		{429EE5FC-46FE-4249-BB40-8DC6D9023A04}.Debug|iPhone.ActiveCfg = Debug|Any CPU
		{429EE5FC-46FE-4249-BB40-8DC6D9023A04}.Debug|iPhone.Build.0 = Debug|Any CPU
		{429EE5FC-46FE-4249-BB40-8DC6D9023A04}.Debug|iPhoneSimulator.ActiveCfg = Debug|Any CPU
		{429EE5FC-46FE-4249-BB40-8DC6D9023A04}.Debug|iPhoneSimulator.Build.0 = Debug|Any CPU
		{429EE5FC-46FE-4249-BB40-8DC6D9023A04}.Debug|Mixed Platforms.ActiveCfg = Debug|Any CPU
		{429EE5FC-46FE-4249-BB40-8DC6D9023A04}.Debug|Mixed Platforms.Build.0 = Debug|Any CPU
		{429EE5FC-46FE-4249-BB40-8DC6D9023A04}.Debug|x64.ActiveCfg = Debug|x64
		{429EE5FC-46FE-4249-BB40-8DC6D9023A04}.Debug|x64.Build.0 = Debug|x64
		{429EE5FC-46FE-4249-BB40-8DC6D9023A04}.Debug|x86.ActiveCfg = Debug|x86
		{429EE5FC-46FE-4249-BB40-8DC6D9023A04}.Debug|x86.Build.0 = Debug|x86
		{429EE5FC-46FE-4249-BB40-8DC6D9023A04}.Release|Any CPU.ActiveCfg = Release|Any CPU
		{429EE5FC-46FE-4249-BB40-8DC6D9023A04}.Release|Any CPU.Build.0 = Release|Any CPU
		{429EE5FC-46FE-4249-BB40-8DC6D9023A04}.Release|ARM.ActiveCfg = Release|ARM
		{429EE5FC-46FE-4249-BB40-8DC6D9023A04}.Release|ARM.Build.0 = Release|ARM
		{429EE5FC-46FE-4249-BB40-8DC6D9023A04}.Release|iPhone.ActiveCfg = Release|Any CPU
		{429EE5FC-46FE-4249-BB40-8DC6D9023A04}.Release|iPhone.Build.0 = Release|Any CPU
		{429EE5FC-46FE-4249-BB40-8DC6D9023A04}.Release|iPhoneSimulator.ActiveCfg = Release|Any CPU
		{429EE5FC-46FE-4249-BB40-8DC6D9023A04}.Release|iPhoneSimulator.Build.0 = Release|Any CPU
		{429EE5FC-46FE-4249-BB40-8DC6D9023A04}.Release|Mixed Platforms.ActiveCfg = Release|Any CPU
		{429EE5FC-46FE-4249-BB40-8DC6D9023A04}.Release|Mixed Platforms.Build.0 = Release|Any CPU
		{429EE5FC-46FE-4249-BB40-8DC6D9023A04}.Release|x64.ActiveCfg = Release|x64
		{429EE5FC-46FE-4249-BB40-8DC6D9023A04}.Release|x64.Build.0 = Release|x64
		{429EE5FC-46FE-4249-BB40-8DC6D9023A04}.Release|x86.ActiveCfg = Release|x86
		{429EE5FC-46FE-4249-BB40-8DC6D9023A04}.Release|x86.Build.0 = Release|x86
		{0CF158CD-DD4E-4E9B-B386-E3BA3C4C6F1F}.Debug|Any CPU.ActiveCfg = Debug|Any CPU
		{0CF158CD-DD4E-4E9B-B386-E3BA3C4C6F1F}.Debug|Any CPU.Build.0 = Debug|Any CPU
		{0CF158CD-DD4E-4E9B-B386-E3BA3C4C6F1F}.Debug|ARM.ActiveCfg = Debug|ARM
		{0CF158CD-DD4E-4E9B-B386-E3BA3C4C6F1F}.Debug|ARM.Build.0 = Debug|ARM
		{0CF158CD-DD4E-4E9B-B386-E3BA3C4C6F1F}.Debug|iPhone.ActiveCfg = Debug|Any CPU
		{0CF158CD-DD4E-4E9B-B386-E3BA3C4C6F1F}.Debug|iPhone.Build.0 = Debug|Any CPU
		{0CF158CD-DD4E-4E9B-B386-E3BA3C4C6F1F}.Debug|iPhoneSimulator.ActiveCfg = Debug|Any CPU
		{0CF158CD-DD4E-4E9B-B386-E3BA3C4C6F1F}.Debug|iPhoneSimulator.Build.0 = Debug|Any CPU
		{0CF158CD-DD4E-4E9B-B386-E3BA3C4C6F1F}.Debug|Mixed Platforms.ActiveCfg = Debug|Any CPU
		{0CF158CD-DD4E-4E9B-B386-E3BA3C4C6F1F}.Debug|Mixed Platforms.Build.0 = Debug|Any CPU
		{0CF158CD-DD4E-4E9B-B386-E3BA3C4C6F1F}.Debug|x64.ActiveCfg = Debug|x64
		{0CF158CD-DD4E-4E9B-B386-E3BA3C4C6F1F}.Debug|x64.Build.0 = Debug|x64
		{0CF158CD-DD4E-4E9B-B386-E3BA3C4C6F1F}.Debug|x86.ActiveCfg = Debug|x86
		{0CF158CD-DD4E-4E9B-B386-E3BA3C4C6F1F}.Debug|x86.Build.0 = Debug|x86
		{0CF158CD-DD4E-4E9B-B386-E3BA3C4C6F1F}.Release|Any CPU.ActiveCfg = Release|Any CPU
		{0CF158CD-DD4E-4E9B-B386-E3BA3C4C6F1F}.Release|Any CPU.Build.0 = Release|Any CPU
		{0CF158CD-DD4E-4E9B-B386-E3BA3C4C6F1F}.Release|ARM.ActiveCfg = Release|ARM
		{0CF158CD-DD4E-4E9B-B386-E3BA3C4C6F1F}.Release|ARM.Build.0 = Release|ARM
		{0CF158CD-DD4E-4E9B-B386-E3BA3C4C6F1F}.Release|iPhone.ActiveCfg = Release|Any CPU
		{0CF158CD-DD4E-4E9B-B386-E3BA3C4C6F1F}.Release|iPhone.Build.0 = Release|Any CPU
		{0CF158CD-DD4E-4E9B-B386-E3BA3C4C6F1F}.Release|iPhoneSimulator.ActiveCfg = Release|Any CPU
		{0CF158CD-DD4E-4E9B-B386-E3BA3C4C6F1F}.Release|iPhoneSimulator.Build.0 = Release|Any CPU
		{0CF158CD-DD4E-4E9B-B386-E3BA3C4C6F1F}.Release|Mixed Platforms.ActiveCfg = Release|Any CPU
		{0CF158CD-DD4E-4E9B-B386-E3BA3C4C6F1F}.Release|Mixed Platforms.Build.0 = Release|Any CPU
		{0CF158CD-DD4E-4E9B-B386-E3BA3C4C6F1F}.Release|x64.ActiveCfg = Release|x64
		{0CF158CD-DD4E-4E9B-B386-E3BA3C4C6F1F}.Release|x64.Build.0 = Release|x64
		{0CF158CD-DD4E-4E9B-B386-E3BA3C4C6F1F}.Release|x86.ActiveCfg = Release|x86
		{0CF158CD-DD4E-4E9B-B386-E3BA3C4C6F1F}.Release|x86.Build.0 = Release|x86
		{D91B8858-7584-4269-A39C-B5AB5E0B4004}.Debug|Any CPU.ActiveCfg = Debug|Any CPU
		{D91B8858-7584-4269-A39C-B5AB5E0B4004}.Debug|Any CPU.Build.0 = Debug|Any CPU
		{D91B8858-7584-4269-A39C-B5AB5E0B4004}.Debug|ARM.ActiveCfg = Debug|Any CPU
		{D91B8858-7584-4269-A39C-B5AB5E0B4004}.Debug|ARM.Build.0 = Debug|Any CPU
		{D91B8858-7584-4269-A39C-B5AB5E0B4004}.Debug|iPhone.ActiveCfg = Debug|Any CPU
		{D91B8858-7584-4269-A39C-B5AB5E0B4004}.Debug|iPhone.Build.0 = Debug|Any CPU
		{D91B8858-7584-4269-A39C-B5AB5E0B4004}.Debug|iPhoneSimulator.ActiveCfg = Debug|Any CPU
		{D91B8858-7584-4269-A39C-B5AB5E0B4004}.Debug|iPhoneSimulator.Build.0 = Debug|Any CPU
		{D91B8858-7584-4269-A39C-B5AB5E0B4004}.Debug|Mixed Platforms.ActiveCfg = Debug|Any CPU
		{D91B8858-7584-4269-A39C-B5AB5E0B4004}.Debug|Mixed Platforms.Build.0 = Debug|Any CPU
		{D91B8858-7584-4269-A39C-B5AB5E0B4004}.Debug|x64.ActiveCfg = Debug|Any CPU
		{D91B8858-7584-4269-A39C-B5AB5E0B4004}.Debug|x64.Build.0 = Debug|Any CPU
		{D91B8858-7584-4269-A39C-B5AB5E0B4004}.Debug|x86.ActiveCfg = Debug|Any CPU
		{D91B8858-7584-4269-A39C-B5AB5E0B4004}.Debug|x86.Build.0 = Debug|Any CPU
		{D91B8858-7584-4269-A39C-B5AB5E0B4004}.Release|Any CPU.ActiveCfg = Release|Any CPU
		{D91B8858-7584-4269-A39C-B5AB5E0B4004}.Release|Any CPU.Build.0 = Release|Any CPU
		{D91B8858-7584-4269-A39C-B5AB5E0B4004}.Release|ARM.ActiveCfg = Release|Any CPU
		{D91B8858-7584-4269-A39C-B5AB5E0B4004}.Release|ARM.Build.0 = Release|Any CPU
		{D91B8858-7584-4269-A39C-B5AB5E0B4004}.Release|iPhone.ActiveCfg = Release|Any CPU
		{D91B8858-7584-4269-A39C-B5AB5E0B4004}.Release|iPhone.Build.0 = Release|Any CPU
		{D91B8858-7584-4269-A39C-B5AB5E0B4004}.Release|iPhoneSimulator.ActiveCfg = Release|Any CPU
		{D91B8858-7584-4269-A39C-B5AB5E0B4004}.Release|iPhoneSimulator.Build.0 = Release|Any CPU
		{D91B8858-7584-4269-A39C-B5AB5E0B4004}.Release|Mixed Platforms.ActiveCfg = Release|Any CPU
		{D91B8858-7584-4269-A39C-B5AB5E0B4004}.Release|Mixed Platforms.Build.0 = Release|Any CPU
		{D91B8858-7584-4269-A39C-B5AB5E0B4004}.Release|x64.ActiveCfg = Release|Any CPU
		{D91B8858-7584-4269-A39C-B5AB5E0B4004}.Release|x64.Build.0 = Release|Any CPU
		{D91B8858-7584-4269-A39C-B5AB5E0B4004}.Release|x86.ActiveCfg = Release|Any CPU
		{D91B8858-7584-4269-A39C-B5AB5E0B4004}.Release|x86.Build.0 = Release|Any CPU
	EndGlobalSection
	GlobalSection(SolutionProperties) = preSolution
		HideSolutionNode = FALSE
	EndGlobalSection
	GlobalSection(NestedProjects) = preSolution
		{DA25A63D-03A0-4866-84FF-48A2A8CF9101} = {330C34B6-970D-43C8-BBF2-FC9BED6DE53D}
		{D2A1E0BF-6659-402F-802B-4118CA244E92} = {3ADE1B40-4C2F-4633-9006-00AF3FB361E8}
		{C0CFE1F9-E2E3-49F1-BCEB-2F46C015B439} = {3ADE1B40-4C2F-4633-9006-00AF3FB361E8}
		{9F2EAD71-CA2E-4ACE-81D6-EA9023580B03} = {3ADE1B40-4C2F-4633-9006-00AF3FB361E8}
		{831C4224-F960-482D-BAD9-3FAAAAFBBD44} = {3ADE1B40-4C2F-4633-9006-00AF3FB361E8}
		{991F0C48-3F70-441B-8DBF-DEEF3D66081C} = {330C34B6-970D-43C8-BBF2-FC9BED6DE53D}
		{C8231912-EAC7-4E71-9E5D-4B51869A1BA2} = {3ADE1B40-4C2F-4633-9006-00AF3FB361E8}
		{A2D57852-C9D4-4357-84FC-C15881711DD1} = {3ADE1B40-4C2F-4633-9006-00AF3FB361E8}
		{31972FC1-987B-4981-B32D-6D60B356DD97} = {330C34B6-970D-43C8-BBF2-FC9BED6DE53D}
	EndGlobalSection
EndGlobal
